// !$*UTF8*$!
{
	archiveVersion = 1;
	classes = {
	};
	objectVersion = 50;
	objects = {

/* Begin PBXBuildFile section */
		843BB7C125245195007272D9 /* BI.h in Headers */ = {isa = PBXBuildFile; fileRef = 843BB7BF25245195007272D9 /* BI.h */; settings = {ATTRIBUTES = (Public, ); }; };
		844A0E86252467C300D8529B /* BIEventRepository.swift in Sources */ = {isa = PBXBuildFile; fileRef = 844A0E7E252467C300D8529B /* BIEventRepository.swift */; };
		844A0E87252467C300D8529B /* BiEventData.m in Sources */ = {isa = PBXBuildFile; fileRef = 844A0E7F252467C300D8529B /* BiEventData.m */; };
		844A0E88252467C300D8529B /* BiConfig.m in Sources */ = {isa = PBXBuildFile; fileRef = 844A0E80252467C300D8529B /* BiConfig.m */; };
		844A0E89252467C300D8529B /*  BIEventHandler.swift in Sources */ = {isa = PBXBuildFile; fileRef = 844A0E81252467C300D8529B /*  BIEventHandler.swift */; };
		844A0E8A252467C300D8529B /* BiConstants.h in Headers */ = {isa = PBXBuildFile; fileRef = 844A0E82252467C300D8529B /* BiConstants.h */; settings = {ATTRIBUTES = (Public, ); }; };
		844A0E8B252467C300D8529B /* BiEventData.h in Headers */ = {isa = PBXBuildFile; fileRef = 844A0E83252467C300D8529B /* BiEventData.h */; settings = {ATTRIBUTES = (Public, ); }; };
		844A0E8C252467C300D8529B /* BiConfig.h in Headers */ = {isa = PBXBuildFile; fileRef = 844A0E84252467C300D8529B /* BiConfig.h */; settings = {ATTRIBUTES = (Public, ); }; };
		844A0E8D252467C300D8529B /* BIEventHandlerBuilder.swift in Sources */ = {isa = PBXBuildFile; fileRef = 844A0E85252467C300D8529B /* BIEventHandlerBuilder.swift */; };
		844A0EB5252469F300D8529B /* AppTime.h in Headers */ = {isa = PBXBuildFile; fileRef = 844A0E95252469F200D8529B /* AppTime.h */; settings = {ATTRIBUTES = (Public, ); }; };
		844A0EB6252469F300D8529B /* ServerUserPropertiesUtil.h in Headers */ = {isa = PBXBuildFile; fileRef = 844A0E96252469F200D8529B /* ServerUserPropertiesUtil.h */; settings = {ATTRIBUTES = (Public, ); }; };
		844A0EB7252469F300D8529B /* Reachability.h in Headers */ = {isa = PBXBuildFile; fileRef = 844A0E97252469F200D8529B /* Reachability.h */; settings = {ATTRIBUTES = (Public, ); }; };
		844A0EB8252469F300D8529B /* FileCacheHelper.h in Headers */ = {isa = PBXBuildFile; fileRef = 844A0E98252469F200D8529B /* FileCacheHelper.h */; settings = {ATTRIBUTES = (Public, ); }; };
		844A0EB9252469F300D8529B /* StringUtils.h in Headers */ = {isa = PBXBuildFile; fileRef = 844A0E99252469F200D8529B /* StringUtils.h */; settings = {ATTRIBUTES = (Public, ); }; };
		844A0EBA252469F300D8529B /* KWConcurrentDictionary.m in Sources */ = {isa = PBXBuildFile; fileRef = 844A0E9A252469F200D8529B /* KWConcurrentDictionary.m */; };
		844A0EBB252469F300D8529B /* Config.h in Headers */ = {isa = PBXBuildFile; fileRef = 844A0E9B252469F200D8529B /* Config.h */; settings = {ATTRIBUTES = (Public, ); }; };
		844A0EBC252469F300D8529B /* StringUtils.m in Sources */ = {isa = PBXBuildFile; fileRef = 844A0E9C252469F200D8529B /* StringUtils.m */; };
		844A0EBD252469F300D8529B /* KWConcurrentDictionary.h in Headers */ = {isa = PBXBuildFile; fileRef = 844A0E9D252469F200D8529B /* KWConcurrentDictionary.h */; settings = {ATTRIBUTES = (Public, ); }; };
		844A0EBE252469F300D8529B /* UserPropertyModel.m in Sources */ = {isa = PBXBuildFile; fileRef = 844A0E9E252469F200D8529B /* UserPropertyModel.m */; };
		844A0EBF252469F300D8529B /* AppTime.m in Sources */ = {isa = PBXBuildFile; fileRef = 844A0E9F252469F200D8529B /* AppTime.m */; };
		844A0EC0252469F300D8529B /* FileHelper.m in Sources */ = {isa = PBXBuildFile; fileRef = 844A0EA0252469F200D8529B /* FileHelper.m */; };
		844A0EC1252469F300D8529B /* EnvConfig.swift in Sources */ = {isa = PBXBuildFile; fileRef = 844A0EA1252469F200D8529B /* EnvConfig.swift */; };
		844A0EC2252469F300D8529B /* UserDefaultsUtil.h in Headers */ = {isa = PBXBuildFile; fileRef = 844A0EA2252469F200D8529B /* UserDefaultsUtil.h */; settings = {ATTRIBUTES = (Public, ); }; };
		844A0EC3252469F300D8529B /* UserDefaultsUtil.m in Sources */ = {isa = PBXBuildFile; fileRef = 844A0EA3252469F200D8529B /* UserDefaultsUtil.m */; };
		844A0EC4252469F300D8529B /* EnvType.swift in Sources */ = {isa = PBXBuildFile; fileRef = 844A0EA4252469F200D8529B /* EnvType.swift */; };
		844A0EC5252469F300D8529B /* DeviceUtils.h in Headers */ = {isa = PBXBuildFile; fileRef = 844A0EA5252469F200D8529B /* DeviceUtils.h */; settings = {ATTRIBUTES = (Public, ); }; };
		844A0EC6252469F300D8529B /* NotificationNameConstant.h in Headers */ = {isa = PBXBuildFile; fileRef = 844A0EA6252469F200D8529B /* NotificationNameConstant.h */; settings = {ATTRIBUTES = (Public, ); }; };
		844A0EC7252469F300D8529B /* DeviceUtils.m in Sources */ = {isa = PBXBuildFile; fileRef = 844A0EA7252469F200D8529B /* DeviceUtils.m */; };
		844A0EC8252469F300D8529B /* StringConstant.h in Headers */ = {isa = PBXBuildFile; fileRef = 844A0EA8252469F200D8529B /* StringConstant.h */; settings = {ATTRIBUTES = (Public, ); }; };
		844A0EC9252469F300D8529B /* CommonConstant.h in Headers */ = {isa = PBXBuildFile; fileRef = 844A0EA9252469F200D8529B /* CommonConstant.h */; settings = {ATTRIBUTES = (Public, ); }; };
		844A0ECA252469F300D8529B /* FileCacheHelper.m in Sources */ = {isa = PBXBuildFile; fileRef = 844A0EAA252469F300D8529B /* FileCacheHelper.m */; };
		844A0ECB252469F300D8529B /* FileHelper.h in Headers */ = {isa = PBXBuildFile; fileRef = 844A0EAB252469F300D8529B /* FileHelper.h */; settings = {ATTRIBUTES = (Public, ); }; };
		844A0ECC252469F300D8529B /* ServerUserPropertiesFetchedListener.h in Headers */ = {isa = PBXBuildFile; fileRef = 844A0EAC252469F300D8529B /* ServerUserPropertiesFetchedListener.h */; settings = {ATTRIBUTES = (Public, ); }; };
		844A0ECD252469F300D8529B /* UserPropertyModel.h in Headers */ = {isa = PBXBuildFile; fileRef = 844A0EAD252469F300D8529B /* UserPropertyModel.h */; settings = {ATTRIBUTES = (Public, ); }; };
		844A0ECE252469F300D8529B /* Config.m in Sources */ = {isa = PBXBuildFile; fileRef = 844A0EAE252469F300D8529B /* Config.m */; };
		844A0ECF252469F300D8529B /* ServerUserPropertiesUtil.m in Sources */ = {isa = PBXBuildFile; fileRef = 844A0EAF252469F300D8529B /* ServerUserPropertiesUtil.m */; };
		844A0ED0252469F300D8529B /* Observable.swift in Sources */ = {isa = PBXBuildFile; fileRef = 844A0EB0252469F300D8529B /* Observable.swift */; };
		844A0ED1252469F300D8529B /* Reachability.m in Sources */ = {isa = PBXBuildFile; fileRef = 844A0EB1252469F300D8529B /* Reachability.m */; };
		844A0ED2252469F300D8529B /* NSNotificationHelper.h in Headers */ = {isa = PBXBuildFile; fileRef = 844A0EB2252469F300D8529B /* NSNotificationHelper.h */; settings = {ATTRIBUTES = (Public, ); }; };
		844A0ED3252469F300D8529B /* JrxCommon.h in Headers */ = {isa = PBXBuildFile; fileRef = 844A0EB3252469F300D8529B /* JrxCommon.h */; settings = {ATTRIBUTES = (Public, ); }; };
		844A0ED4252469F300D8529B /* NSNotificationHelper.m in Sources */ = {isa = PBXBuildFile; fileRef = 844A0EB4252469F300D8529B /* NSNotificationHelper.m */; };
		844A0EE225246A3300D8529B /* RequestBuilder.h in Headers */ = {isa = PBXBuildFile; fileRef = 844A0ED625246A3200D8529B /* RequestBuilder.h */; settings = {ATTRIBUTES = (Public, ); }; };
		844A0EE325246A3300D8529B /* ServerConfig.swift in Sources */ = {isa = PBXBuildFile; fileRef = 844A0ED725246A3200D8529B /* ServerConfig.swift */; };
		844A0EE525246A3300D8529B /* Error.swift in Sources */ = {isa = PBXBuildFile; fileRef = 844A0ED925246A3300D8529B /* Error.swift */; };
		844A0EE625246A3300D8529B /* ServerHandler.h in Headers */ = {isa = PBXBuildFile; fileRef = 844A0EDA25246A3300D8529B /* ServerHandler.h */; settings = {ATTRIBUTES = (Public, ); }; };
		844A0EE725246A3300D8529B /* ErrorHandler.swift in Sources */ = {isa = PBXBuildFile; fileRef = 844A0EDB25246A3300D8529B /* ErrorHandler.swift */; };
		844A0EE825246A3300D8529B /* NetworkingConstant.swift in Sources */ = {isa = PBXBuildFile; fileRef = 844A0EDC25246A3300D8529B /* NetworkingConstant.swift */; };
		844A0EE925246A3300D8529B /* RequestBuilder.m in Sources */ = {isa = PBXBuildFile; fileRef = 844A0EDD25246A3300D8529B /* RequestBuilder.m */; };
		844A0EEA25246A3300D8529B /* onsequel-am.cer in Resources */ = {isa = PBXBuildFile; fileRef = 844A0EDE25246A3300D8529B /* onsequel-am.cer */; };
		844A0EEB25246A3300D8529B /* PDataTransferService.swift in Sources */ = {isa = PBXBuildFile; fileRef = 844A0EDF25246A3300D8529B /* PDataTransferService.swift */; };
		844A0EEC25246A3300D8529B /* onsequel.cer in Resources */ = {isa = PBXBuildFile; fileRef = 844A0EE025246A3300D8529B /* onsequel.cer */; };
		844A0EED25246A3300D8529B /* ServerHandler.m in Sources */ = {isa = PBXBuildFile; fileRef = 844A0EE125246A3300D8529B /* ServerHandler.m */; };
		844A0F1C252473C500D8529B /* HttpResponseListener.h in Headers */ = {isa = PBXBuildFile; fileRef = 844A0F19252473C500D8529B /* HttpResponseListener.h */; settings = {ATTRIBUTES = (Public, ); }; };
		844A0F1D252473C500D8529B /* HttpExecutor.m in Sources */ = {isa = PBXBuildFile; fileRef = 844A0F1A252473C500D8529B /* HttpExecutor.m */; };
		844A0F1E252473C500D8529B /* HttpExecutor.h in Headers */ = {isa = PBXBuildFile; fileRef = 844A0F1B252473C500D8529B /* HttpExecutor.h */; settings = {ATTRIBUTES = (Public, ); }; };
		844A0F24252473FC00D8529B /* KiwiParser.h in Headers */ = {isa = PBXBuildFile; fileRef = 844A0F22252473FC00D8529B /* KiwiParser.h */; settings = {ATTRIBUTES = (Public, ); }; };
		844A0F25252473FC00D8529B /* KiwiParser.m in Sources */ = {isa = PBXBuildFile; fileRef = 844A0F23252473FC00D8529B /* KiwiParser.m */; };
/* End PBXBuildFile section */

/* Begin PBXFileReference section */
		042BC3253B802E8669A29507 /* libPods-BI.a */ = {isa = PBXFileReference; explicitFileType = archive.ar; includeInIndex = 0; path = "libPods-BI.a"; sourceTree = BUILT_PRODUCTS_DIR; };
		2639EB40530C4D172F797BFD /* Pods-BI.debug.xcconfig */ = {isa = PBXFileReference; includeInIndex = 1; lastKnownFileType = text.xcconfig; name = "Pods-BI.debug.xcconfig"; path = "Target Support Files/Pods-BI/Pods-BI.debug.xcconfig"; sourceTree = "<group>"; };
		843BB7BC25245195007272D9 /* BI.framework */ = {isa = PBXFileReference; explicitFileType = wrapper.framework; includeInIndex = 0; path = BI.framework; sourceTree = BUILT_PRODUCTS_DIR; };
		843BB7BF25245195007272D9 /* BI.h */ = {isa = PBXFileReference; lastKnownFileType = sourcecode.c.h; path = BI.h; sourceTree = "<group>"; };
		843BB7C025245195007272D9 /* Info.plist */ = {isa = PBXFileReference; lastKnownFileType = text.plist.xml; path = Info.plist; sourceTree = "<group>"; };
		844A0E7E252467C300D8529B /* BIEventRepository.swift */ = {isa = PBXFileReference; fileEncoding = 4; lastKnownFileType = sourcecode.swift; name = BIEventRepository.swift; path = Module/BIEventRepository.swift; sourceTree = "<group>"; };
		844A0E7F252467C300D8529B /* BiEventData.m */ = {isa = PBXFileReference; fileEncoding = 4; lastKnownFileType = sourcecode.c.objc; name = BiEventData.m; path = Module/BiEventData.m; sourceTree = "<group>"; };
		844A0E80252467C300D8529B /* BiConfig.m */ = {isa = PBXFileReference; fileEncoding = 4; lastKnownFileType = sourcecode.c.objc; name = BiConfig.m; path = Module/BiConfig.m; sourceTree = "<group>"; };
		844A0E81252467C300D8529B /*  BIEventHandler.swift */ = {isa = PBXFileReference; fileEncoding = 4; lastKnownFileType = sourcecode.swift; name = " BIEventHandler.swift"; path = "Module/ BIEventHandler.swift"; sourceTree = "<group>"; };
		844A0E82252467C300D8529B /* BiConstants.h */ = {isa = PBXFileReference; fileEncoding = 4; lastKnownFileType = sourcecode.c.h; name = BiConstants.h; path = Module/BiConstants.h; sourceTree = "<group>"; };
		844A0E83252467C300D8529B /* BiEventData.h */ = {isa = PBXFileReference; fileEncoding = 4; lastKnownFileType = sourcecode.c.h; name = BiEventData.h; path = Module/BiEventData.h; sourceTree = "<group>"; };
		844A0E84252467C300D8529B /* BiConfig.h */ = {isa = PBXFileReference; fileEncoding = 4; lastKnownFileType = sourcecode.c.h; name = BiConfig.h; path = Module/BiConfig.h; sourceTree = "<group>"; };
		844A0E85252467C300D8529B /* BIEventHandlerBuilder.swift */ = {isa = PBXFileReference; fileEncoding = 4; lastKnownFileType = sourcecode.swift; name = BIEventHandlerBuilder.swift; path = Module/BIEventHandlerBuilder.swift; sourceTree = "<group>"; };
		844A0E95252469F200D8529B /* AppTime.h */ = {isa = PBXFileReference; fileEncoding = 4; lastKnownFileType = sourcecode.c.h; name = AppTime.h; path = Module/AppTime.h; sourceTree = "<group>"; };
		844A0E96252469F200D8529B /* ServerUserPropertiesUtil.h */ = {isa = PBXFileReference; fileEncoding = 4; lastKnownFileType = sourcecode.c.h; name = ServerUserPropertiesUtil.h; path = Module/ServerUserPropertiesUtil.h; sourceTree = "<group>"; };
		844A0E97252469F200D8529B /* Reachability.h */ = {isa = PBXFileReference; fileEncoding = 4; lastKnownFileType = sourcecode.c.h; name = Reachability.h; path = Module/Reachability.h; sourceTree = "<group>"; };
		844A0E98252469F200D8529B /* FileCacheHelper.h */ = {isa = PBXFileReference; fileEncoding = 4; lastKnownFileType = sourcecode.c.h; name = FileCacheHelper.h; path = Module/FileCacheHelper.h; sourceTree = "<group>"; };
		844A0E99252469F200D8529B /* StringUtils.h */ = {isa = PBXFileReference; fileEncoding = 4; lastKnownFileType = sourcecode.c.h; name = StringUtils.h; path = Module/StringUtils.h; sourceTree = "<group>"; };
		844A0E9A252469F200D8529B /* KWConcurrentDictionary.m */ = {isa = PBXFileReference; fileEncoding = 4; lastKnownFileType = sourcecode.c.objc; name = KWConcurrentDictionary.m; path = Module/KWConcurrentDictionary.m; sourceTree = "<group>"; };
		844A0E9B252469F200D8529B /* Config.h */ = {isa = PBXFileReference; fileEncoding = 4; lastKnownFileType = sourcecode.c.h; name = Config.h; path = Module/Config.h; sourceTree = "<group>"; };
		844A0E9C252469F200D8529B /* StringUtils.m */ = {isa = PBXFileReference; fileEncoding = 4; lastKnownFileType = sourcecode.c.objc; name = StringUtils.m; path = Module/StringUtils.m; sourceTree = "<group>"; };
		844A0E9D252469F200D8529B /* KWConcurrentDictionary.h */ = {isa = PBXFileReference; fileEncoding = 4; lastKnownFileType = sourcecode.c.h; name = KWConcurrentDictionary.h; path = Module/KWConcurrentDictionary.h; sourceTree = "<group>"; };
		844A0E9E252469F200D8529B /* UserPropertyModel.m */ = {isa = PBXFileReference; fileEncoding = 4; lastKnownFileType = sourcecode.c.objc; name = UserPropertyModel.m; path = Module/UserPropertyModel.m; sourceTree = "<group>"; };
		844A0E9F252469F200D8529B /* AppTime.m */ = {isa = PBXFileReference; fileEncoding = 4; lastKnownFileType = sourcecode.c.objc; name = AppTime.m; path = Module/AppTime.m; sourceTree = "<group>"; };
		844A0EA0252469F200D8529B /* FileHelper.m */ = {isa = PBXFileReference; fileEncoding = 4; lastKnownFileType = sourcecode.c.objc; name = FileHelper.m; path = Module/FileHelper.m; sourceTree = "<group>"; };
		844A0EA1252469F200D8529B /* EnvConfig.swift */ = {isa = PBXFileReference; fileEncoding = 4; lastKnownFileType = sourcecode.swift; name = EnvConfig.swift; path = Module/EnvConfig.swift; sourceTree = "<group>"; };
		844A0EA2252469F200D8529B /* UserDefaultsUtil.h */ = {isa = PBXFileReference; fileEncoding = 4; lastKnownFileType = sourcecode.c.h; name = UserDefaultsUtil.h; path = Module/UserDefaultsUtil.h; sourceTree = "<group>"; };
		844A0EA3252469F200D8529B /* UserDefaultsUtil.m */ = {isa = PBXFileReference; fileEncoding = 4; lastKnownFileType = sourcecode.c.objc; name = UserDefaultsUtil.m; path = Module/UserDefaultsUtil.m; sourceTree = "<group>"; };
		844A0EA4252469F200D8529B /* EnvType.swift */ = {isa = PBXFileReference; fileEncoding = 4; lastKnownFileType = sourcecode.swift; name = EnvType.swift; path = Module/EnvType.swift; sourceTree = "<group>"; };
		844A0EA5252469F200D8529B /* DeviceUtils.h */ = {isa = PBXFileReference; fileEncoding = 4; lastKnownFileType = sourcecode.c.h; name = DeviceUtils.h; path = Module/DeviceUtils.h; sourceTree = "<group>"; };
		844A0EA6252469F200D8529B /* NotificationNameConstant.h */ = {isa = PBXFileReference; fileEncoding = 4; lastKnownFileType = sourcecode.c.h; name = NotificationNameConstant.h; path = Module/NotificationNameConstant.h; sourceTree = "<group>"; };
		844A0EA7252469F200D8529B /* DeviceUtils.m */ = {isa = PBXFileReference; fileEncoding = 4; lastKnownFileType = sourcecode.c.objc; name = DeviceUtils.m; path = Module/DeviceUtils.m; sourceTree = "<group>"; };
		844A0EA8252469F200D8529B /* StringConstant.h */ = {isa = PBXFileReference; fileEncoding = 4; lastKnownFileType = sourcecode.c.h; name = StringConstant.h; path = Module/StringConstant.h; sourceTree = "<group>"; };
		844A0EA9252469F200D8529B /* CommonConstant.h */ = {isa = PBXFileReference; fileEncoding = 4; lastKnownFileType = sourcecode.c.h; name = CommonConstant.h; path = Module/CommonConstant.h; sourceTree = "<group>"; };
		844A0EAA252469F300D8529B /* FileCacheHelper.m */ = {isa = PBXFileReference; fileEncoding = 4; lastKnownFileType = sourcecode.c.objc; name = FileCacheHelper.m; path = Module/FileCacheHelper.m; sourceTree = "<group>"; };
		844A0EAB252469F300D8529B /* FileHelper.h */ = {isa = PBXFileReference; fileEncoding = 4; lastKnownFileType = sourcecode.c.h; name = FileHelper.h; path = Module/FileHelper.h; sourceTree = "<group>"; };
		844A0EAC252469F300D8529B /* ServerUserPropertiesFetchedListener.h */ = {isa = PBXFileReference; fileEncoding = 4; lastKnownFileType = sourcecode.c.h; name = ServerUserPropertiesFetchedListener.h; path = Module/ServerUserPropertiesFetchedListener.h; sourceTree = "<group>"; };
		844A0EAD252469F300D8529B /* UserPropertyModel.h */ = {isa = PBXFileReference; fileEncoding = 4; lastKnownFileType = sourcecode.c.h; name = UserPropertyModel.h; path = Module/UserPropertyModel.h; sourceTree = "<group>"; };
		844A0EAE252469F300D8529B /* Config.m */ = {isa = PBXFileReference; fileEncoding = 4; lastKnownFileType = sourcecode.c.objc; name = Config.m; path = Module/Config.m; sourceTree = "<group>"; };
		844A0EAF252469F300D8529B /* ServerUserPropertiesUtil.m */ = {isa = PBXFileReference; fileEncoding = 4; lastKnownFileType = sourcecode.c.objc; name = ServerUserPropertiesUtil.m; path = Module/ServerUserPropertiesUtil.m; sourceTree = "<group>"; };
		844A0EB0252469F300D8529B /* Observable.swift */ = {isa = PBXFileReference; fileEncoding = 4; lastKnownFileType = sourcecode.swift; name = Observable.swift; path = Module/Observable.swift; sourceTree = "<group>"; };
		844A0EB1252469F300D8529B /* Reachability.m */ = {isa = PBXFileReference; fileEncoding = 4; lastKnownFileType = sourcecode.c.objc; name = Reachability.m; path = Module/Reachability.m; sourceTree = "<group>"; };
		844A0EB2252469F300D8529B /* NSNotificationHelper.h */ = {isa = PBXFileReference; fileEncoding = 4; lastKnownFileType = sourcecode.c.h; name = NSNotificationHelper.h; path = Module/NSNotificationHelper.h; sourceTree = "<group>"; };
		844A0EB3252469F300D8529B /* JrxCommon.h */ = {isa = PBXFileReference; fileEncoding = 4; lastKnownFileType = sourcecode.c.h; name = JrxCommon.h; path = Module/JrxCommon.h; sourceTree = "<group>"; };
		844A0EB4252469F300D8529B /* NSNotificationHelper.m */ = {isa = PBXFileReference; fileEncoding = 4; lastKnownFileType = sourcecode.c.objc; name = NSNotificationHelper.m; path = Module/NSNotificationHelper.m; sourceTree = "<group>"; };
		844A0ED625246A3200D8529B /* RequestBuilder.h */ = {isa = PBXFileReference; fileEncoding = 4; lastKnownFileType = sourcecode.c.h; name = RequestBuilder.h; path = Module/RequestBuilder.h; sourceTree = "<group>"; };
		844A0ED725246A3200D8529B /* ServerConfig.swift */ = {isa = PBXFileReference; fileEncoding = 4; lastKnownFileType = sourcecode.swift; name = ServerConfig.swift; path = Module/ServerConfig.swift; sourceTree = "<group>"; };
		844A0ED925246A3300D8529B /* Error.swift */ = {isa = PBXFileReference; fileEncoding = 4; lastKnownFileType = sourcecode.swift; name = Error.swift; path = Module/Error.swift; sourceTree = "<group>"; };
		844A0EDA25246A3300D8529B /* ServerHandler.h */ = {isa = PBXFileReference; fileEncoding = 4; lastKnownFileType = sourcecode.c.h; name = ServerHandler.h; path = Module/ServerHandler.h; sourceTree = "<group>"; };
		844A0EDB25246A3300D8529B /* ErrorHandler.swift */ = {isa = PBXFileReference; fileEncoding = 4; lastKnownFileType = sourcecode.swift; name = ErrorHandler.swift; path = Module/ErrorHandler.swift; sourceTree = "<group>"; };
		844A0EDC25246A3300D8529B /* NetworkingConstant.swift */ = {isa = PBXFileReference; fileEncoding = 4; lastKnownFileType = sourcecode.swift; name = NetworkingConstant.swift; path = Module/NetworkingConstant.swift; sourceTree = "<group>"; };
		844A0EDD25246A3300D8529B /* RequestBuilder.m */ = {isa = PBXFileReference; fileEncoding = 4; lastKnownFileType = sourcecode.c.objc; name = RequestBuilder.m; path = Module/RequestBuilder.m; sourceTree = "<group>"; };
		844A0EDE25246A3300D8529B /* onsequel-am.cer */ = {isa = PBXFileReference; lastKnownFileType = file; name = "onsequel-am.cer"; path = "Module/onsequel-am.cer"; sourceTree = "<group>"; };
		844A0EDF25246A3300D8529B /* PDataTransferService.swift */ = {isa = PBXFileReference; fileEncoding = 4; lastKnownFileType = sourcecode.swift; name = PDataTransferService.swift; path = Module/PDataTransferService.swift; sourceTree = "<group>"; };
		844A0EE025246A3300D8529B /* onsequel.cer */ = {isa = PBXFileReference; lastKnownFileType = file; name = onsequel.cer; path = Module/onsequel.cer; sourceTree = "<group>"; };
		844A0EE125246A3300D8529B /* ServerHandler.m */ = {isa = PBXFileReference; fileEncoding = 4; lastKnownFileType = sourcecode.c.objc; name = ServerHandler.m; path = Module/ServerHandler.m; sourceTree = "<group>"; };
		844A0F19252473C500D8529B /* HttpResponseListener.h */ = {isa = PBXFileReference; fileEncoding = 4; lastKnownFileType = sourcecode.c.h; name = HttpResponseListener.h; path = Networking/Module/server/HttpResponseListener.h; sourceTree = SOURCE_ROOT; };
		844A0F1A252473C500D8529B /* HttpExecutor.m */ = {isa = PBXFileReference; fileEncoding = 4; lastKnownFileType = sourcecode.c.objc; name = HttpExecutor.m; path = Networking/Module/server/HttpExecutor.m; sourceTree = SOURCE_ROOT; };
		844A0F1B252473C500D8529B /* HttpExecutor.h */ = {isa = PBXFileReference; fileEncoding = 4; lastKnownFileType = sourcecode.c.h; name = HttpExecutor.h; path = Networking/Module/server/HttpExecutor.h; sourceTree = SOURCE_ROOT; };
		844A0F22252473FC00D8529B /* KiwiParser.h */ = {isa = PBXFileReference; fileEncoding = 4; lastKnownFileType = sourcecode.c.h; name = KiwiParser.h; path = Networking/Module/server/security/KiwiParser.h; sourceTree = SOURCE_ROOT; };
		844A0F23252473FC00D8529B /* KiwiParser.m */ = {isa = PBXFileReference; fileEncoding = 4; lastKnownFileType = sourcecode.c.objc; name = KiwiParser.m; path = Networking/Module/server/security/KiwiParser.m; sourceTree = SOURCE_ROOT; };
		ABD11CFDAEDACA375FC109E1 /* Pods-BI.release.xcconfig */ = {isa = PBXFileReference; includeInIndex = 1; lastKnownFileType = text.xcconfig; name = "Pods-BI.release.xcconfig"; path = "Target Support Files/Pods-BI/Pods-BI.release.xcconfig"; sourceTree = "<group>"; };
/* End PBXFileReference section */

/* Begin PBXFrameworksBuildPhase section */
		843BB7B925245195007272D9 /* Frameworks */ = {
			isa = PBXFrameworksBuildPhase;
			buildActionMask = 2147483647;
			files = (
			);
			runOnlyForDeploymentPostprocessing = 0;
		};
/* End PBXFrameworksBuildPhase section */

/* Begin PBXGroup section */
		843BB7B225245195007272D9 = {
			isa = PBXGroup;
			children = (
				844A0E90252467D600D8529B /* Common */,
				844A0E8F252467CE00D8529B /* Networking */,
				843BB7BE25245195007272D9 /* BI */,
				843BB7BD25245195007272D9 /* Products */,
				F21D1BC5ABB2674BA1192D66 /* Pods */,
				A9DDC665267C81AF72088AA3 /* Frameworks */,
			);
			sourceTree = "<group>";
		};
		843BB7BD25245195007272D9 /* Products */ = {
			isa = PBXGroup;
			children = (
				843BB7BC25245195007272D9 /* BI.framework */,
			);
			name = Products;
			sourceTree = "<group>";
		};
		843BB7BE25245195007272D9 /* BI */ = {
			isa = PBXGroup;
			children = (
				844A0E81252467C300D8529B /*  BIEventHandler.swift */,
				844A0E84252467C300D8529B /* BiConfig.h */,
				844A0E80252467C300D8529B /* BiConfig.m */,
				844A0E82252467C300D8529B /* BiConstants.h */,
				844A0E83252467C300D8529B /* BiEventData.h */,
				844A0E7F252467C300D8529B /* BiEventData.m */,
				844A0E85252467C300D8529B /* BIEventHandlerBuilder.swift */,
				844A0E7E252467C300D8529B /* BIEventRepository.swift */,
				843BB7BF25245195007272D9 /* BI.h */,
				843BB7C025245195007272D9 /* Info.plist */,
			);
			path = BI;
			sourceTree = "<group>";
		};
		844A0E8F252467CE00D8529B /* Networking */ = {
			isa = PBXGroup;
			children = (
				844A0F18252473AF00D8529B /* server */,
				844A0ED925246A3300D8529B /* Error.swift */,
				844A0EDB25246A3300D8529B /* ErrorHandler.swift */,
				844A0EDC25246A3300D8529B /* NetworkingConstant.swift */,
				844A0EDE25246A3300D8529B /* onsequel-am.cer */,
				844A0EE025246A3300D8529B /* onsequel.cer */,
				844A0EDF25246A3300D8529B /* PDataTransferService.swift */,
				844A0ED625246A3200D8529B /* RequestBuilder.h */,
				844A0EDD25246A3300D8529B /* RequestBuilder.m */,
				844A0ED725246A3200D8529B /* ServerConfig.swift */,
				844A0EDA25246A3300D8529B /* ServerHandler.h */,
				844A0EE125246A3300D8529B /* ServerHandler.m */,
			);
			path = Networking;
			sourceTree = "<group>";
		};
		844A0E90252467D600D8529B /* Common */ = {
			isa = PBXGroup;
			children = (
				844A0E95252469F200D8529B /* AppTime.h */,
				844A0E9F252469F200D8529B /* AppTime.m */,
				844A0EA9252469F200D8529B /* CommonConstant.h */,
				844A0E9B252469F200D8529B /* Config.h */,
				844A0EAE252469F300D8529B /* Config.m */,
				844A0EA5252469F200D8529B /* DeviceUtils.h */,
				844A0EA7252469F200D8529B /* DeviceUtils.m */,
				844A0EA1252469F200D8529B /* EnvConfig.swift */,
				844A0EA4252469F200D8529B /* EnvType.swift */,
				844A0E98252469F200D8529B /* FileCacheHelper.h */,
				844A0EAA252469F300D8529B /* FileCacheHelper.m */,
				844A0EAB252469F300D8529B /* FileHelper.h */,
				844A0EA0252469F200D8529B /* FileHelper.m */,
				844A0EB3252469F300D8529B /* JrxCommon.h */,
				844A0E9D252469F200D8529B /* KWConcurrentDictionary.h */,
				844A0E9A252469F200D8529B /* KWConcurrentDictionary.m */,
				844A0EA6252469F200D8529B /* NotificationNameConstant.h */,
				844A0EB2252469F300D8529B /* NSNotificationHelper.h */,
				844A0EB4252469F300D8529B /* NSNotificationHelper.m */,
				844A0EB0252469F300D8529B /* Observable.swift */,
				844A0E97252469F200D8529B /* Reachability.h */,
				844A0EB1252469F300D8529B /* Reachability.m */,
				844A0EAC252469F300D8529B /* ServerUserPropertiesFetchedListener.h */,
				844A0E96252469F200D8529B /* ServerUserPropertiesUtil.h */,
				844A0EAF252469F300D8529B /* ServerUserPropertiesUtil.m */,
				844A0EA8252469F200D8529B /* StringConstant.h */,
				844A0E99252469F200D8529B /* StringUtils.h */,
				844A0E9C252469F200D8529B /* StringUtils.m */,
				844A0EA2252469F200D8529B /* UserDefaultsUtil.h */,
				844A0EA3252469F200D8529B /* UserDefaultsUtil.m */,
				844A0EAD252469F300D8529B /* UserPropertyModel.h */,
				844A0E9E252469F200D8529B /* UserPropertyModel.m */,
			);
			path = Common;
			sourceTree = "<group>";
		};
		844A0F18252473AF00D8529B /* server */ = {
			isa = PBXGroup;
			children = (
				844A0F21252473EE00D8529B /* security */,
				844A0F1B252473C500D8529B /* HttpExecutor.h */,
				844A0F1A252473C500D8529B /* HttpExecutor.m */,
				844A0F19252473C500D8529B /* HttpResponseListener.h */,
			);
			path = server;
			sourceTree = "<group>";
		};
		844A0F21252473EE00D8529B /* security */ = {
			isa = PBXGroup;
			children = (
				844A0F22252473FC00D8529B /* KiwiParser.h */,
				844A0F23252473FC00D8529B /* KiwiParser.m */,
			);
			path = security;
			sourceTree = "<group>";
		};
		A9DDC665267C81AF72088AA3 /* Frameworks */ = {
			isa = PBXGroup;
			children = (
				042BC3253B802E8669A29507 /* libPods-BI.a */,
			);
			name = Frameworks;
			sourceTree = "<group>";
		};
		F21D1BC5ABB2674BA1192D66 /* Pods */ = {
			isa = PBXGroup;
			children = (
				2639EB40530C4D172F797BFD /* Pods-BI.debug.xcconfig */,
				ABD11CFDAEDACA375FC109E1 /* Pods-BI.release.xcconfig */,
			);
			path = Pods;
			sourceTree = "<group>";
		};
/* End PBXGroup section */

/* Begin PBXHeadersBuildPhase section */
		843BB7B725245195007272D9 /* Headers */ = {
			isa = PBXHeadersBuildPhase;
			buildActionMask = 2147483647;
			files = (
				844A0EC9252469F300D8529B /* CommonConstant.h in Headers */,
				844A0E8B252467C300D8529B /* BiEventData.h in Headers */,
				844A0EE625246A3300D8529B /* ServerHandler.h in Headers */,
				844A0ECD252469F300D8529B /* UserPropertyModel.h in Headers */,
				844A0EB9252469F300D8529B /* StringUtils.h in Headers */,
				844A0EB6252469F300D8529B /* ServerUserPropertiesUtil.h in Headers */,
				844A0EE225246A3300D8529B /* RequestBuilder.h in Headers */,
				844A0EC5252469F300D8529B /* DeviceUtils.h in Headers */,
				844A0EC2252469F300D8529B /* UserDefaultsUtil.h in Headers */,
				844A0F1C252473C500D8529B /* HttpResponseListener.h in Headers */,
				844A0ED2252469F300D8529B /* NSNotificationHelper.h in Headers */,
				844A0EB8252469F300D8529B /* FileCacheHelper.h in Headers */,
				844A0F1E252473C500D8529B /* HttpExecutor.h in Headers */,
				844A0F24252473FC00D8529B /* KiwiParser.h in Headers */,
				844A0EC8252469F300D8529B /* StringConstant.h in Headers */,
				844A0EBD252469F300D8529B /* KWConcurrentDictionary.h in Headers */,
				844A0E8C252467C300D8529B /* BiConfig.h in Headers */,
				844A0EB5252469F300D8529B /* AppTime.h in Headers */,
				844A0EB7252469F300D8529B /* Reachability.h in Headers */,
				843BB7C125245195007272D9 /* BI.h in Headers */,
				844A0E8A252467C300D8529B /* BiConstants.h in Headers */,
				844A0EC6252469F300D8529B /* NotificationNameConstant.h in Headers */,
				844A0ECB252469F300D8529B /* FileHelper.h in Headers */,
				844A0EBB252469F300D8529B /* Config.h in Headers */,
				844A0ED3252469F300D8529B /* JrxCommon.h in Headers */,
				844A0ECC252469F300D8529B /* ServerUserPropertiesFetchedListener.h in Headers */,
			);
			runOnlyForDeploymentPostprocessing = 0;
		};
/* End PBXHeadersBuildPhase section */

/* Begin PBXNativeTarget section */
		843BB7BB25245195007272D9 /* BI */ = {
			isa = PBXNativeTarget;
			buildConfigurationList = 843BB7C425245195007272D9 /* Build configuration list for PBXNativeTarget "BI" */;
			buildPhases = (
				067577A06C712F9BB44D2EC9 /* [CP] Check Pods Manifest.lock */,
				843BB7B725245195007272D9 /* Headers */,
				843BB7B825245195007272D9 /* Sources */,
				843BB7B925245195007272D9 /* Frameworks */,
				843BB7BA25245195007272D9 /* Resources */,
			);
			buildRules = (
			);
			dependencies = (
			);
			name = BI;
			productName = BI;
			productReference = 843BB7BC25245195007272D9 /* BI.framework */;
			productType = "com.apple.product-type.framework";
		};
/* End PBXNativeTarget section */

/* Begin PBXProject section */
		843BB7B325245195007272D9 /* Project object */ = {
			isa = PBXProject;
			attributes = {
				LastUpgradeCheck = 1200;
				TargetAttributes = {
					843BB7BB25245195007272D9 = {
						CreatedOnToolsVersion = 12.0.1;
						LastSwiftMigration = 1200;
					};
				};
			};
			buildConfigurationList = 843BB7B625245195007272D9 /* Build configuration list for PBXProject "BI" */;
			compatibilityVersion = "Xcode 9.3";
			developmentRegion = en;
			hasScannedForEncodings = 0;
			knownRegions = (
				en,
				Base,
			);
			mainGroup = 843BB7B225245195007272D9;
			productRefGroup = 843BB7BD25245195007272D9 /* Products */;
			projectDirPath = "";
			projectRoot = "";
			targets = (
				843BB7BB25245195007272D9 /* BI */,
			);
		};
/* End PBXProject section */

/* Begin PBXResourcesBuildPhase section */
		843BB7BA25245195007272D9 /* Resources */ = {
			isa = PBXResourcesBuildPhase;
			buildActionMask = 2147483647;
			files = (
				844A0EEA25246A3300D8529B /* onsequel-am.cer in Resources */,
				844A0EEC25246A3300D8529B /* onsequel.cer in Resources */,
			);
			runOnlyForDeploymentPostprocessing = 0;
		};
/* End PBXResourcesBuildPhase section */

/* Begin PBXShellScriptBuildPhase section */
		067577A06C712F9BB44D2EC9 /* [CP] Check Pods Manifest.lock */ = {
			isa = PBXShellScriptBuildPhase;
			buildActionMask = 2147483647;
			files = (
			);
			inputFileListPaths = (
			);
			inputPaths = (
				"${PODS_PODFILE_DIR_PATH}/Podfile.lock",
				"${PODS_ROOT}/Manifest.lock",
			);
			name = "[CP] Check Pods Manifest.lock";
			outputFileListPaths = (
			);
			outputPaths = (
				"$(DERIVED_FILE_DIR)/Pods-BI-checkManifestLockResult.txt",
			);
			runOnlyForDeploymentPostprocessing = 0;
			shellPath = /bin/sh;
			shellScript = "diff \"${PODS_PODFILE_DIR_PATH}/Podfile.lock\" \"${PODS_ROOT}/Manifest.lock\" > /dev/null\nif [ $? != 0 ] ; then\n    # print error to STDERR\n    echo \"error: The sandbox is not in sync with the Podfile.lock. Run 'pod install' or update your CocoaPods installation.\" >&2\n    exit 1\nfi\n# This output is used by Xcode 'outputs' to avoid re-running this script phase.\necho \"SUCCESS\" > \"${SCRIPT_OUTPUT_FILE_0}\"\n";
			showEnvVarsInLog = 0;
		};
/* End PBXShellScriptBuildPhase section */

/* Begin PBXSourcesBuildPhase section */
		843BB7B825245195007272D9 /* Sources */ = {
			isa = PBXSourcesBuildPhase;
			buildActionMask = 2147483647;
			files = (
				844A0EBF252469F300D8529B /* AppTime.m in Sources */,
				844A0EBC252469F300D8529B /* StringUtils.m in Sources */,
				844A0EBA252469F300D8529B /* KWConcurrentDictionary.m in Sources */,
				844A0E86252467C300D8529B /* BIEventRepository.swift in Sources */,
				844A0ED0252469F300D8529B /* Observable.swift in Sources */,
				844A0EED25246A3300D8529B /* ServerHandler.m in Sources */,
				844A0EE825246A3300D8529B /* NetworkingConstant.swift in Sources */,
				844A0EBE252469F300D8529B /* UserPropertyModel.m in Sources */,
				844A0EC7252469F300D8529B /* DeviceUtils.m in Sources */,
				844A0EE325246A3300D8529B /* ServerConfig.swift in Sources */,
				844A0EEB25246A3300D8529B /* PDataTransferService.swift in Sources */,
				844A0EC0252469F300D8529B /* FileHelper.m in Sources */,
				844A0E87252467C300D8529B /* BiEventData.m in Sources */,
				844A0EE725246A3300D8529B /* ErrorHandler.swift in Sources */,
				844A0EE925246A3300D8529B /* RequestBuilder.m in Sources */,
				844A0ED4252469F300D8529B /* NSNotificationHelper.m in Sources */,
				844A0F1D252473C500D8529B /* HttpExecutor.m in Sources */,
				844A0EC1252469F300D8529B /* EnvConfig.swift in Sources */,
				844A0ED1252469F300D8529B /* Reachability.m in Sources */,
				844A0ECF252469F300D8529B /* ServerUserPropertiesUtil.m in Sources */,
				844A0EE525246A3300D8529B /* Error.swift in Sources */,
				844A0ECE252469F300D8529B /* Config.m in Sources */,
				844A0ECA252469F300D8529B /* FileCacheHelper.m in Sources */,
				844A0F25252473FC00D8529B /* KiwiParser.m in Sources */,
				844A0E88252467C300D8529B /* BiConfig.m in Sources */,
				844A0E8D252467C300D8529B /* BIEventHandlerBuilder.swift in Sources */,
				844A0EC4252469F300D8529B /* EnvType.swift in Sources */,
				844A0EC3252469F300D8529B /* UserDefaultsUtil.m in Sources */,
				844A0E89252467C300D8529B /*  BIEventHandler.swift in Sources */,
			);
			runOnlyForDeploymentPostprocessing = 0;
		};
/* End PBXSourcesBuildPhase section */

/* Begin XCBuildConfiguration section */
		843BB7C225245195007272D9 /* Debug */ = {
			isa = XCBuildConfiguration;
			buildSettings = {
				ALWAYS_SEARCH_USER_PATHS = NO;
				CLANG_ANALYZER_NONNULL = YES;
				CLANG_ANALYZER_NUMBER_OBJECT_CONVERSION = YES_AGGRESSIVE;
				CLANG_CXX_LANGUAGE_STANDARD = "gnu++14";
				CLANG_CXX_LIBRARY = "libc++";
				CLANG_ENABLE_MODULES = YES;
				CLANG_ENABLE_OBJC_ARC = YES;
				CLANG_ENABLE_OBJC_WEAK = YES;
				CLANG_WARN_BLOCK_CAPTURE_AUTORELEASING = YES;
				CLANG_WARN_BOOL_CONVERSION = YES;
				CLANG_WARN_COMMA = YES;
				CLANG_WARN_CONSTANT_CONVERSION = YES;
				CLANG_WARN_DEPRECATED_OBJC_IMPLEMENTATIONS = YES;
				CLANG_WARN_DIRECT_OBJC_ISA_USAGE = YES_ERROR;
				CLANG_WARN_DOCUMENTATION_COMMENTS = YES;
				CLANG_WARN_EMPTY_BODY = YES;
				CLANG_WARN_ENUM_CONVERSION = YES;
				CLANG_WARN_INFINITE_RECURSION = YES;
				CLANG_WARN_INT_CONVERSION = YES;
				CLANG_WARN_NON_LITERAL_NULL_CONVERSION = YES;
				CLANG_WARN_OBJC_IMPLICIT_RETAIN_SELF = YES;
				CLANG_WARN_OBJC_LITERAL_CONVERSION = YES;
				CLANG_WARN_OBJC_ROOT_CLASS = YES_ERROR;
				CLANG_WARN_QUOTED_INCLUDE_IN_FRAMEWORK_HEADER = YES;
				CLANG_WARN_RANGE_LOOP_ANALYSIS = YES;
				CLANG_WARN_STRICT_PROTOTYPES = YES;
				CLANG_WARN_SUSPICIOUS_MOVE = YES;
				CLANG_WARN_UNGUARDED_AVAILABILITY = YES_AGGRESSIVE;
				CLANG_WARN_UNREACHABLE_CODE = YES;
				CLANG_WARN__DUPLICATE_METHOD_MATCH = YES;
				COPY_PHASE_STRIP = NO;
				CURRENT_PROJECT_VERSION = 1;
				DEBUG_INFORMATION_FORMAT = dwarf;
				ENABLE_STRICT_OBJC_MSGSEND = YES;
				ENABLE_TESTABILITY = YES;
				GCC_C_LANGUAGE_STANDARD = gnu11;
				GCC_DYNAMIC_NO_PIC = NO;
				GCC_NO_COMMON_BLOCKS = YES;
				GCC_OPTIMIZATION_LEVEL = 0;
				GCC_PREPROCESSOR_DEFINITIONS = (
					"DEBUG=1",
					"$(inherited)",
				);
				GCC_WARN_64_TO_32_BIT_CONVERSION = YES;
				GCC_WARN_ABOUT_RETURN_TYPE = YES_ERROR;
				GCC_WARN_UNDECLARED_SELECTOR = YES;
				GCC_WARN_UNINITIALIZED_AUTOS = YES_AGGRESSIVE;
				GCC_WARN_UNUSED_FUNCTION = YES;
				GCC_WARN_UNUSED_VARIABLE = YES;
				IPHONEOS_DEPLOYMENT_TARGET = 11.0;
				MTL_ENABLE_DEBUG_INFO = INCLUDE_SOURCE;
				MTL_FAST_MATH = YES;
				ONLY_ACTIVE_ARCH = YES;
				SCAN_ALL_SOURCE_FILES_FOR_INCLUDES = YES;
				SDKROOT = iphoneos;
				SWIFT_ACTIVE_COMPILATION_CONDITIONS = DEBUG;
				SWIFT_OPTIMIZATION_LEVEL = "-Onone";
				VERSIONING_SYSTEM = "apple-generic";
				VERSION_INFO_PREFIX = "";
			};
			name = Debug;
		};
		843BB7C325245195007272D9 /* Release */ = {
			isa = XCBuildConfiguration;
			buildSettings = {
				ALWAYS_SEARCH_USER_PATHS = NO;
				CLANG_ANALYZER_NONNULL = YES;
				CLANG_ANALYZER_NUMBER_OBJECT_CONVERSION = YES_AGGRESSIVE;
				CLANG_CXX_LANGUAGE_STANDARD = "gnu++14";
				CLANG_CXX_LIBRARY = "libc++";
				CLANG_ENABLE_MODULES = YES;
				CLANG_ENABLE_OBJC_ARC = YES;
				CLANG_ENABLE_OBJC_WEAK = YES;
				CLANG_WARN_BLOCK_CAPTURE_AUTORELEASING = YES;
				CLANG_WARN_BOOL_CONVERSION = YES;
				CLANG_WARN_COMMA = YES;
				CLANG_WARN_CONSTANT_CONVERSION = YES;
				CLANG_WARN_DEPRECATED_OBJC_IMPLEMENTATIONS = YES;
				CLANG_WARN_DIRECT_OBJC_ISA_USAGE = YES_ERROR;
				CLANG_WARN_DOCUMENTATION_COMMENTS = YES;
				CLANG_WARN_EMPTY_BODY = YES;
				CLANG_WARN_ENUM_CONVERSION = YES;
				CLANG_WARN_INFINITE_RECURSION = YES;
				CLANG_WARN_INT_CONVERSION = YES;
				CLANG_WARN_NON_LITERAL_NULL_CONVERSION = YES;
				CLANG_WARN_OBJC_IMPLICIT_RETAIN_SELF = YES;
				CLANG_WARN_OBJC_LITERAL_CONVERSION = YES;
				CLANG_WARN_OBJC_ROOT_CLASS = YES_ERROR;
				CLANG_WARN_QUOTED_INCLUDE_IN_FRAMEWORK_HEADER = YES;
				CLANG_WARN_RANGE_LOOP_ANALYSIS = YES;
				CLANG_WARN_STRICT_PROTOTYPES = YES;
				CLANG_WARN_SUSPICIOUS_MOVE = YES;
				CLANG_WARN_UNGUARDED_AVAILABILITY = YES_AGGRESSIVE;
				CLANG_WARN_UNREACHABLE_CODE = YES;
				CLANG_WARN__DUPLICATE_METHOD_MATCH = YES;
				COPY_PHASE_STRIP = NO;
				CURRENT_PROJECT_VERSION = 1;
				DEBUG_INFORMATION_FORMAT = "dwarf-with-dsym";
				ENABLE_NS_ASSERTIONS = NO;
				ENABLE_STRICT_OBJC_MSGSEND = YES;
				GCC_C_LANGUAGE_STANDARD = gnu11;
				GCC_NO_COMMON_BLOCKS = YES;
				GCC_WARN_64_TO_32_BIT_CONVERSION = YES;
				GCC_WARN_ABOUT_RETURN_TYPE = YES_ERROR;
				GCC_WARN_UNDECLARED_SELECTOR = YES;
				GCC_WARN_UNINITIALIZED_AUTOS = YES_AGGRESSIVE;
				GCC_WARN_UNUSED_FUNCTION = YES;
				GCC_WARN_UNUSED_VARIABLE = YES;
				IPHONEOS_DEPLOYMENT_TARGET = 11.0;
				MTL_ENABLE_DEBUG_INFO = NO;
				MTL_FAST_MATH = YES;
				SCAN_ALL_SOURCE_FILES_FOR_INCLUDES = YES;
				SDKROOT = iphoneos;
				SWIFT_COMPILATION_MODE = wholemodule;
				SWIFT_OPTIMIZATION_LEVEL = "-O";
				VALIDATE_PRODUCT = YES;
				VERSIONING_SYSTEM = "apple-generic";
				VERSION_INFO_PREFIX = "";
			};
			name = Release;
		};
		843BB7C525245195007272D9 /* Debug */ = {
			isa = XCBuildConfiguration;
			baseConfigurationReference = 2639EB40530C4D172F797BFD /* Pods-BI.debug.xcconfig */;
			buildSettings = {
				CLANG_ENABLE_MODULES = YES;
				CODE_SIGN_STYLE = Automatic;
				DEFINES_MODULE = YES;
				DEVELOPMENT_TEAM = 6B3N73X9SX;
				DYLIB_COMPATIBILITY_VERSION = 1;
				DYLIB_CURRENT_VERSION = 1;
				DYLIB_INSTALL_NAME_BASE = "@rpath";
				INFOPLIST_FILE = BI/Info.plist;
				INSTALL_PATH = "$(LOCAL_LIBRARY_DIR)/Frameworks";
				IPHONEOS_DEPLOYMENT_TARGET = 11.0;
				LD_RUNPATH_SEARCH_PATHS = (
					"$(inherited)",
					"@executable_path/Frameworks",
					"@loader_path/Frameworks",
				);
				PRODUCT_BUNDLE_IDENTIFIER = com.Kiwi.Joyride.BlitzBi;
				PRODUCT_NAME = "$(TARGET_NAME:c99extidentifier)";
				SKIP_INSTALL = YES;
				SUPPORTS_MACCATALYST = NO;
				SWIFT_OBJC_BRIDGING_HEADER = "";
				SWIFT_OPTIMIZATION_LEVEL = "-Onone";
				SWIFT_VERSION = 5.0;
				TARGETED_DEVICE_FAMILY = "1,2";
			};
			name = Debug;
		};
		843BB7C625245195007272D9 /* Release */ = {
			isa = XCBuildConfiguration;
			baseConfigurationReference = ABD11CFDAEDACA375FC109E1 /* Pods-BI.release.xcconfig */;
			buildSettings = {
				CLANG_ENABLE_MODULES = YES;
				CODE_SIGN_STYLE = Automatic;
				DEFINES_MODULE = YES;
				DEVELOPMENT_TEAM = 6B3N73X9SX;
				DYLIB_COMPATIBILITY_VERSION = 1;
				DYLIB_CURRENT_VERSION = 1;
				DYLIB_INSTALL_NAME_BASE = "@rpath";
				INFOPLIST_FILE = BI/Info.plist;
				INSTALL_PATH = "$(LOCAL_LIBRARY_DIR)/Frameworks";
				IPHONEOS_DEPLOYMENT_TARGET = 11.0;
				LD_RUNPATH_SEARCH_PATHS = (
					"$(inherited)",
					"@executable_path/Frameworks",
					"@loader_path/Frameworks",
				);
				PRODUCT_BUNDLE_IDENTIFIER = com.Kiwi.Joyride.BlitzBi;
				PRODUCT_NAME = "$(TARGET_NAME:c99extidentifier)";
				SKIP_INSTALL = YES;
				SUPPORTS_MACCATALYST = NO;
				SWIFT_OBJC_BRIDGING_HEADER = "";
				SWIFT_VERSION = 5.0;
				TARGETED_DEVICE_FAMILY = "1,2";
			};
			name = Release;
		};
/* End XCBuildConfiguration section */

/* Begin XCConfigurationList section */
		843BB7B625245195007272D9 /* Build configuration list for PBXProject "BI" */ = {
			isa = XCConfigurationList;
			buildConfigurations = (
				843BB7C225245195007272D9 /* Debug */,
				843BB7C325245195007272D9 /* Release */,
			);
			defaultConfigurationIsVisible = 0;
			defaultConfigurationName = Release;
		};
		843BB7C425245195007272D9 /* Build configuration list for PBXNativeTarget "BI" */ = {
			isa = XCConfigurationList;
			buildConfigurations = (
				843BB7C525245195007272D9 /* Debug */,
				843BB7C625245195007272D9 /* Release */,
			);
			defaultConfigurationIsVisible = 0;
			defaultConfigurationName = Release;
		};
/* End XCConfigurationList section */
	};
	rootObject = 843BB7B325245195007272D9 /* Project object */;
}
