// !$*UTF8*$!
{
	archiveVersion = 1;
	classes = {
	};
	objectVersion = 50;
	objects = {

/* Begin PBXBuildFile section */
		0194E6AC2530764B00257D29 /* BlitzHttpExecutor.h in Headers */ = {isa = PBXBuildFile; fileRef = 0194E69F2530764A00257D29 /* BlitzHttpExecutor.h */; };
		0194E6AD2530764B00257D29 /* BlitzParser.m in Sources */ = {isa = PBXBuildFile; fileRef = 0194E6A12530764A00257D29 /* BlitzParser.m */; };
		0194E6AE2530764B00257D29 /* BlitzParser.h in Headers */ = {isa = PBXBuildFile; fileRef = 0194E6A22530764A00257D29 /* BlitzParser.h */; };
		0194E6AF2530764B00257D29 /* BlitzHttpExecutor.m in Sources */ = {isa = PBXBuildFile; fileRef = 0194E6A32530764A00257D29 /* BlitzHttpExecutor.m */; };
		0194E6B32530764B00257D29 /* BlitzServerHandler.m in Sources */ = {isa = PBXBuildFile; fileRef = 0194E6A72530764A00257D29 /* BlitzServerHandler.m */; };
		0194E6C52530770A00257D29 /* BlitzHttpResponseListener.h in Headers */ = {isa = PBXBuildFile; fileRef = 0194E6A42530764A00257D29 /* BlitzHttpResponseListener.h */; };
		840A76062559267A007DD32B /* BlitzUserRequest.h in Headers */ = {isa = PBXBuildFile; fileRef = 840A76042559267A007DD32B /* BlitzUserRequest.h */; };
		840A76072559267A007DD32B /* BlitzUserRequest.m in Sources */ = {isa = PBXBuildFile; fileRef = 840A76052559267A007DD32B /* BlitzUserRequest.m */; };
		840A760C25592995007DD32B /* BlitzBiDataHandler.h in Headers */ = {isa = PBXBuildFile; fileRef = 840A760A25592995007DD32B /* BlitzBiDataHandler.h */; };
		840A760D25592995007DD32B /* BlitzBiDataHandler.m in Sources */ = {isa = PBXBuildFile; fileRef = 840A760B25592995007DD32B /* BlitzBiDataHandler.m */; };
		8445101F255BEBF7002A445C /* BlitzTime.h in Headers */ = {isa = PBXBuildFile; fileRef = 8445101D255BEBF7002A445C /* BlitzTime.h */; };
		84451020255BEBF7002A445C /* BlitzTime.m in Sources */ = {isa = PBXBuildFile; fileRef = 8445101E255BEBF7002A445C /* BlitzTime.m */; };
		84451024255BEC0E002A445C /* BlitzTimeClient.h in Headers */ = {isa = PBXBuildFile; fileRef = 84451022255BEC0E002A445C /* BlitzTimeClient.h */; };
		84451025255BEC0E002A445C /* BlitzTimeClient.m in Sources */ = {isa = PBXBuildFile; fileRef = 84451023255BEC0E002A445C /* BlitzTimeClient.m */; };
		84451067255CD6CB002A445C /* NTPKit.h in Headers */ = {isa = PBXBuildFile; fileRef = 84451065255CD6CB002A445C /* NTPKit.h */; };
		8445106D255CD6F8002A445C /* NTPServer.h in Headers */ = {isa = PBXBuildFile; fileRef = 8445106B255CD6F8002A445C /* NTPServer.h */; };
		8445106E255CD6F8002A445C /* NTPServer.m in Sources */ = {isa = PBXBuildFile; fileRef = 8445106C255CD6F8002A445C /* NTPServer.m */; };
		84451072255CD72D002A445C /* NTPTypes.h in Headers */ = {isa = PBXBuildFile; fileRef = 84451070255CD72D002A445C /* NTPTypes.h */; };
		844A0E87252467C300D8529B /* BlitzBiEventData.m in Sources */ = {isa = PBXBuildFile; fileRef = 844A0E7F252467C300D8529B /* BlitzBiEventData.m */; };
		844A0E88252467C300D8529B /* BlitzBiConfig.m in Sources */ = {isa = PBXBuildFile; fileRef = 844A0E80252467C300D8529B /* BlitzBiConfig.m */; };
		844A0E8B252467C300D8529B /* BlitzBiEventData.h in Headers */ = {isa = PBXBuildFile; fileRef = 844A0E83252467C300D8529B /* BlitzBiEventData.h */; };
		844A0E8C252467C300D8529B /* BlitzBiConfig.h in Headers */ = {isa = PBXBuildFile; fileRef = 844A0E84252467C300D8529B /* BlitzBiConfig.h */; };
		844A0EBA252469F300D8529B /* BlitzKWConcurrentDictionary.m in Sources */ = {isa = PBXBuildFile; fileRef = 844A0E9A252469F200D8529B /* BlitzKWConcurrentDictionary.m */; };
		844A0EBD252469F300D8529B /* BlitzKWConcurrentDictionary.h in Headers */ = {isa = PBXBuildFile; fileRef = 844A0E9D252469F200D8529B /* BlitzKWConcurrentDictionary.h */; };
		844A0EC0252469F300D8529B /* BlitzFileHelper.m in Sources */ = {isa = PBXBuildFile; fileRef = 844A0EA0252469F200D8529B /* BlitzFileHelper.m */; };
		844A0ECB252469F300D8529B /* BlitzFileHelper.h in Headers */ = {isa = PBXBuildFile; fileRef = 844A0EAB252469F300D8529B /* BlitzFileHelper.h */; };
		84567279253709DB00AAA58E /* BlitzBi.m in Sources */ = {isa = PBXBuildFile; fileRef = 84567277253709DB00AAA58E /* BlitzBi.m */; };
		8456727A253709DB00AAA58E /* BlitzBi.h in Headers */ = {isa = PBXBuildFile; fileRef = 84567278253709DB00AAA58E /* BlitzBi.h */; settings = {ATTRIBUTES = (Public, ); }; };
		84AF07D925358D6000AF85BB /* BlitzRequestBuilder.m in Sources */ = {isa = PBXBuildFile; fileRef = 0194E6A82530764A00257D29 /* BlitzRequestBuilder.m */; };
		84AF07DE25358DA300AF85BB /* BlitzRequestBuilder.h in Headers */ = {isa = PBXBuildFile; fileRef = 0194E69D2530764A00257D29 /* BlitzRequestBuilder.h */; };
		84AF07E825358E1200AF85BB /* BlitzServerHandler.h in Headers */ = {isa = PBXBuildFile; fileRef = 0194E69C2530764A00257D29 /* BlitzServerHandler.h */; };
		84B3111E252DCB6E0051016E /* BlitzDeviceUtils.m in Sources */ = {isa = PBXBuildFile; fileRef = 84B3111A252DCB6E0051016E /* BlitzDeviceUtils.m */; };
		84B3111F252DCB6E0051016E /* BlitzReachability.h in Headers */ = {isa = PBXBuildFile; fileRef = 84B3111B252DCB6E0051016E /* BlitzReachability.h */; };
		84B31120252DCB6E0051016E /* BlitzReachability.m in Sources */ = {isa = PBXBuildFile; fileRef = 84B3111C252DCB6E0051016E /* BlitzReachability.m */; };
		84B31121252DCB6E0051016E /* BlitzDeviceUtils.h in Headers */ = {isa = PBXBuildFile; fileRef = 84B3111D252DCB6E0051016E /* BlitzDeviceUtils.h */; };
		84C211732534319100DFEC24 /* BaseUrls.h in Headers */ = {isa = PBXBuildFile; fileRef = 84C211712534319100DFEC24 /* BaseUrls.h */; };
		84C211742534319100DFEC24 /* BaseUrls.m in Sources */ = {isa = PBXBuildFile; fileRef = 84C211722534319100DFEC24 /* BaseUrls.m */; };
		84C211C5253435D500DFEC24 /* BlitzServerConfig.h in Headers */ = {isa = PBXBuildFile; fileRef = 84C211C3253435D500DFEC24 /* BlitzServerConfig.h */; };
		84C211C6253435D500DFEC24 /* BlitzServerConfig.m in Sources */ = {isa = PBXBuildFile; fileRef = 84C211C4253435D500DFEC24 /* BlitzServerConfig.m */; };
		84C211CF2534399B00DFEC24 /* BlitzNetworkDataTransferService.h in Headers */ = {isa = PBXBuildFile; fileRef = 84C211CD2534399B00DFEC24 /* BlitzNetworkDataTransferService.h */; };
		84C211D02534399B00DFEC24 /* BlitzNetworkDataTransferService.m in Sources */ = {isa = PBXBuildFile; fileRef = 84C211CE2534399B00DFEC24 /* BlitzNetworkDataTransferService.m */; };
		84C211F6253460E500DFEC24 /* BlitzNetworkModuleBuilder.h in Headers */ = {isa = PBXBuildFile; fileRef = 84C211F4253460E500DFEC24 /* BlitzNetworkModuleBuilder.h */; };
		84C211F7253460E500DFEC24 /* BlitzNetworkModuleBuilder.m in Sources */ = {isa = PBXBuildFile; fileRef = 84C211F5253460E500DFEC24 /* BlitzNetworkModuleBuilder.m */; };
		84C211FD253465A100DFEC24 /* PBlitzServerConfig.h in Headers */ = {isa = PBXBuildFile; fileRef = 84C211FC2534659F00DFEC24 /* PBlitzServerConfig.h */; };
		84C21207253466B400DFEC24 /* PBlitzDataTransferService.h in Headers */ = {isa = PBXBuildFile; fileRef = 84C21206253466B400DFEC24 /* PBlitzDataTransferService.h */; };
		84C2121125346AEA00DFEC24 /* BlitzBiEventRepository.h in Headers */ = {isa = PBXBuildFile; fileRef = 84C2120F25346AEA00DFEC24 /* BlitzBiEventRepository.h */; };
		84C2121225346AEA00DFEC24 /* BlitzBiEventRepository.m in Sources */ = {isa = PBXBuildFile; fileRef = 84C2121025346AEA00DFEC24 /* BlitzBiEventRepository.m */; };
		84C2121825346F5900DFEC24 /* BlitzBiEventHandlerBuilder.h in Headers */ = {isa = PBXBuildFile; fileRef = 84C2121625346F5900DFEC24 /* BlitzBiEventHandlerBuilder.h */; };
		84C2121925346F5900DFEC24 /* BlitzBiEventHandlerBuilder.m in Sources */ = {isa = PBXBuildFile; fileRef = 84C2121725346F5900DFEC24 /* BlitzBiEventHandlerBuilder.m */; };
		84C2121E253470C000DFEC24 /* BlitzBiEventSendHandler.h in Headers */ = {isa = PBXBuildFile; fileRef = 84C2121C253470C000DFEC24 /* BlitzBiEventSendHandler.h */; };
		84C2121F253470C000DFEC24 /* BlitzBiEventSendHandler.m in Sources */ = {isa = PBXBuildFile; fileRef = 84C2121D253470C000DFEC24 /* BlitzBiEventSendHandler.m */; };
		84C2122425347EF700DFEC24 /* BlitzBiService.h in Headers */ = {isa = PBXBuildFile; fileRef = 84C2122225347EF700DFEC24 /* BlitzBiService.h */; };
		84C2122525347EF700DFEC24 /* BlitzBiService.m in Sources */ = {isa = PBXBuildFile; fileRef = 84C2122325347EF700DFEC24 /* BlitzBiService.m */; };
		84C2122925348C5B00DFEC24 /* BlitzDeviceRequest.h in Headers */ = {isa = PBXBuildFile; fileRef = 84C2122725348C5B00DFEC24 /* BlitzDeviceRequest.h */; };
		84C2122A25348C5B00DFEC24 /* BlitzDeviceRequest.m in Sources */ = {isa = PBXBuildFile; fileRef = 84C2122825348C5B00DFEC24 /* BlitzDeviceRequest.m */; };
		84CE9C05252B052900D0E48F /* BlitzConstants.h in Headers */ = {isa = PBXBuildFile; fileRef = 84CE9C02252B052900D0E48F /* BlitzConstants.h */; };
		84EEAA3D2533A73500851468 /* BlitzBi.podspec in Resources */ = {isa = PBXBuildFile; fileRef = 84EEAA3C2533A73500851468 /* BlitzBi.podspec */; };
/* End PBXBuildFile section */

/* Begin PBXFileReference section */
		0194E69C2530764A00257D29 /* BlitzServerHandler.h */ = {isa = PBXFileReference; fileEncoding = 4; lastKnownFileType = sourcecode.c.h; path = BlitzServerHandler.h; sourceTree = "<group>"; };
		0194E69D2530764A00257D29 /* BlitzRequestBuilder.h */ = {isa = PBXFileReference; fileEncoding = 4; lastKnownFileType = sourcecode.c.h; path = BlitzRequestBuilder.h; sourceTree = "<group>"; };
		0194E69F2530764A00257D29 /* BlitzHttpExecutor.h */ = {isa = PBXFileReference; fileEncoding = 4; lastKnownFileType = sourcecode.c.h; path = BlitzHttpExecutor.h; sourceTree = "<group>"; };
		0194E6A12530764A00257D29 /* BlitzParser.m */ = {isa = PBXFileReference; fileEncoding = 4; lastKnownFileType = sourcecode.c.objc; path = BlitzParser.m; sourceTree = "<group>"; };
		0194E6A22530764A00257D29 /* BlitzParser.h */ = {isa = PBXFileReference; fileEncoding = 4; lastKnownFileType = sourcecode.c.h; path = BlitzParser.h; sourceTree = "<group>"; };
		0194E6A32530764A00257D29 /* BlitzHttpExecutor.m */ = {isa = PBXFileReference; fileEncoding = 4; lastKnownFileType = sourcecode.c.objc; path = BlitzHttpExecutor.m; sourceTree = "<group>"; };
		0194E6A42530764A00257D29 /* BlitzHttpResponseListener.h */ = {isa = PBXFileReference; fileEncoding = 4; lastKnownFileType = sourcecode.c.h; path = BlitzHttpResponseListener.h; sourceTree = "<group>"; };
		0194E6A72530764A00257D29 /* BlitzServerHandler.m */ = {isa = PBXFileReference; fileEncoding = 4; lastKnownFileType = sourcecode.c.objc; path = BlitzServerHandler.m; sourceTree = "<group>"; };
		0194E6A82530764A00257D29 /* BlitzRequestBuilder.m */ = {isa = PBXFileReference; fileEncoding = 4; lastKnownFileType = sourcecode.c.objc; path = BlitzRequestBuilder.m; sourceTree = "<group>"; };
		840A76042559267A007DD32B /* BlitzUserRequest.h */ = {isa = PBXFileReference; lastKnownFileType = sourcecode.c.h; name = BlitzUserRequest.h; path = Module/BlitzUserRequest.h; sourceTree = "<group>"; };
		840A76052559267A007DD32B /* BlitzUserRequest.m */ = {isa = PBXFileReference; lastKnownFileType = sourcecode.c.objc; name = BlitzUserRequest.m; path = Module/BlitzUserRequest.m; sourceTree = "<group>"; };
		840A760A25592995007DD32B /* BlitzBiDataHandler.h */ = {isa = PBXFileReference; lastKnownFileType = sourcecode.c.h; name = BlitzBiDataHandler.h; path = Module/BlitzBiDataHandler.h; sourceTree = "<group>"; };
		840A760B25592995007DD32B /* BlitzBiDataHandler.m */ = {isa = PBXFileReference; lastKnownFileType = sourcecode.c.objc; name = BlitzBiDataHandler.m; path = Module/BlitzBiDataHandler.m; sourceTree = "<group>"; };
		843BB7BC25245195007272D9 /* BlitzBi.framework */ = {isa = PBXFileReference; explicitFileType = wrapper.framework; includeInIndex = 0; path = BlitzBi.framework; sourceTree = BUILT_PRODUCTS_DIR; };
		843BB7C025245195007272D9 /* Info.plist */ = {isa = PBXFileReference; lastKnownFileType = text.plist.xml; path = Info.plist; sourceTree = "<group>"; };
		8445101D255BEBF7002A445C /* BlitzTime.h */ = {isa = PBXFileReference; lastKnownFileType = sourcecode.c.h; path = BlitzTime.h; sourceTree = "<group>"; };
		8445101E255BEBF7002A445C /* BlitzTime.m */ = {isa = PBXFileReference; lastKnownFileType = sourcecode.c.objc; path = BlitzTime.m; sourceTree = "<group>"; };
		84451022255BEC0E002A445C /* BlitzTimeClient.h */ = {isa = PBXFileReference; lastKnownFileType = sourcecode.c.h; path = BlitzTimeClient.h; sourceTree = "<group>"; };
		84451023255BEC0E002A445C /* BlitzTimeClient.m */ = {isa = PBXFileReference; lastKnownFileType = sourcecode.c.objc; path = BlitzTimeClient.m; sourceTree = "<group>"; };
		84451065255CD6CB002A445C /* NTPKit.h */ = {isa = PBXFileReference; lastKnownFileType = sourcecode.c.h; path = NTPKit.h; sourceTree = "<group>"; };
		8445106B255CD6F8002A445C /* NTPServer.h */ = {isa = PBXFileReference; lastKnownFileType = sourcecode.c.h; path = NTPServer.h; sourceTree = "<group>"; };
		8445106C255CD6F8002A445C /* NTPServer.m */ = {isa = PBXFileReference; lastKnownFileType = sourcecode.c.objc; path = NTPServer.m; sourceTree = "<group>"; };
		84451070255CD72D002A445C /* NTPTypes.h */ = {isa = PBXFileReference; lastKnownFileType = sourcecode.c.h; path = NTPTypes.h; sourceTree = "<group>"; };
		844A0E7F252467C300D8529B /* BlitzBiEventData.m */ = {isa = PBXFileReference; fileEncoding = 4; lastKnownFileType = sourcecode.c.objc; name = BlitzBiEventData.m; path = Module/BlitzBiEventData.m; sourceTree = "<group>"; };
		844A0E80252467C300D8529B /* BlitzBiConfig.m */ = {isa = PBXFileReference; fileEncoding = 4; lastKnownFileType = sourcecode.c.objc; name = BlitzBiConfig.m; path = Module/BlitzBiConfig.m; sourceTree = "<group>"; };
		844A0E83252467C300D8529B /* BlitzBiEventData.h */ = {isa = PBXFileReference; fileEncoding = 4; lastKnownFileType = sourcecode.c.h; name = BlitzBiEventData.h; path = Module/BlitzBiEventData.h; sourceTree = "<group>"; };
		844A0E84252467C300D8529B /* BlitzBiConfig.h */ = {isa = PBXFileReference; fileEncoding = 4; lastKnownFileType = sourcecode.c.h; name = BlitzBiConfig.h; path = Module/BlitzBiConfig.h; sourceTree = "<group>"; };
		844A0E9A252469F200D8529B /* BlitzKWConcurrentDictionary.m */ = {isa = PBXFileReference; fileEncoding = 4; lastKnownFileType = sourcecode.c.objc; name = BlitzKWConcurrentDictionary.m; path = Module/BlitzKWConcurrentDictionary.m; sourceTree = "<group>"; };
		844A0E9D252469F200D8529B /* BlitzKWConcurrentDictionary.h */ = {isa = PBXFileReference; fileEncoding = 4; lastKnownFileType = sourcecode.c.h; name = BlitzKWConcurrentDictionary.h; path = Module/BlitzKWConcurrentDictionary.h; sourceTree = "<group>"; };
		844A0EA0252469F200D8529B /* BlitzFileHelper.m */ = {isa = PBXFileReference; fileEncoding = 4; lastKnownFileType = sourcecode.c.objc; name = BlitzFileHelper.m; path = Module/BlitzFileHelper.m; sourceTree = "<group>"; };
		844A0EAB252469F300D8529B /* BlitzFileHelper.h */ = {isa = PBXFileReference; fileEncoding = 4; lastKnownFileType = sourcecode.c.h; name = BlitzFileHelper.h; path = Module/BlitzFileHelper.h; sourceTree = "<group>"; };
		84567277253709DB00AAA58E /* BlitzBi.m */ = {isa = PBXFileReference; fileEncoding = 4; lastKnownFileType = sourcecode.c.objc; name = BlitzBi.m; path = Public/BlitzBi.m; sourceTree = "<group>"; };
		84567278253709DB00AAA58E /* BlitzBi.h */ = {isa = PBXFileReference; fileEncoding = 4; lastKnownFileType = sourcecode.c.h; name = BlitzBi.h; path = Public/BlitzBi.h; sourceTree = "<group>"; };
		84B3111A252DCB6E0051016E /* BlitzDeviceUtils.m */ = {isa = PBXFileReference; fileEncoding = 4; lastKnownFileType = sourcecode.c.objc; name = BlitzDeviceUtils.m; path = Module/BlitzDeviceUtils.m; sourceTree = "<group>"; };
		84B3111B252DCB6E0051016E /* BlitzReachability.h */ = {isa = PBXFileReference; fileEncoding = 4; lastKnownFileType = sourcecode.c.h; name = BlitzReachability.h; path = Module/BlitzReachability.h; sourceTree = "<group>"; };
		84B3111C252DCB6E0051016E /* BlitzReachability.m */ = {isa = PBXFileReference; fileEncoding = 4; lastKnownFileType = sourcecode.c.objc; name = BlitzReachability.m; path = Module/BlitzReachability.m; sourceTree = "<group>"; };
		84B3111D252DCB6E0051016E /* BlitzDeviceUtils.h */ = {isa = PBXFileReference; fileEncoding = 4; lastKnownFileType = sourcecode.c.h; name = BlitzDeviceUtils.h; path = Module/BlitzDeviceUtils.h; sourceTree = "<group>"; };
		84C211712534319100DFEC24 /* BaseUrls.h */ = {isa = PBXFileReference; lastKnownFileType = sourcecode.c.h; name = BaseUrls.h; path = Module/BaseUrls.h; sourceTree = "<group>"; };
		84C211722534319100DFEC24 /* BaseUrls.m */ = {isa = PBXFileReference; lastKnownFileType = sourcecode.c.objc; name = BaseUrls.m; path = Module/BaseUrls.m; sourceTree = "<group>"; };
		84C211C3253435D500DFEC24 /* BlitzServerConfig.h */ = {isa = PBXFileReference; lastKnownFileType = sourcecode.c.h; path = BlitzServerConfig.h; sourceTree = "<group>"; };
		84C211C4253435D500DFEC24 /* BlitzServerConfig.m */ = {isa = PBXFileReference; lastKnownFileType = sourcecode.c.objc; path = BlitzServerConfig.m; sourceTree = "<group>"; };
		84C211CD2534399B00DFEC24 /* BlitzNetworkDataTransferService.h */ = {isa = PBXFileReference; lastKnownFileType = sourcecode.c.h; path = BlitzNetworkDataTransferService.h; sourceTree = "<group>"; };
		84C211CE2534399B00DFEC24 /* BlitzNetworkDataTransferService.m */ = {isa = PBXFileReference; lastKnownFileType = sourcecode.c.objc; path = BlitzNetworkDataTransferService.m; sourceTree = "<group>"; };
		84C211F4253460E500DFEC24 /* BlitzNetworkModuleBuilder.h */ = {isa = PBXFileReference; lastKnownFileType = sourcecode.c.h; path = BlitzNetworkModuleBuilder.h; sourceTree = "<group>"; };
		84C211F5253460E500DFEC24 /* BlitzNetworkModuleBuilder.m */ = {isa = PBXFileReference; lastKnownFileType = sourcecode.c.objc; path = BlitzNetworkModuleBuilder.m; sourceTree = "<group>"; };
		84C211FC2534659F00DFEC24 /* PBlitzServerConfig.h */ = {isa = PBXFileReference; lastKnownFileType = sourcecode.c.h; path = PBlitzServerConfig.h; sourceTree = "<group>"; };
		84C21206253466B400DFEC24 /* PBlitzDataTransferService.h */ = {isa = PBXFileReference; lastKnownFileType = sourcecode.c.h; path = PBlitzDataTransferService.h; sourceTree = "<group>"; };
		84C2120F25346AEA00DFEC24 /* BlitzBiEventRepository.h */ = {isa = PBXFileReference; lastKnownFileType = sourcecode.c.h; name = BlitzBiEventRepository.h; path = Module/BlitzBiEventRepository.h; sourceTree = "<group>"; };
		84C2121025346AEA00DFEC24 /* BlitzBiEventRepository.m */ = {isa = PBXFileReference; lastKnownFileType = sourcecode.c.objc; name = BlitzBiEventRepository.m; path = Module/BlitzBiEventRepository.m; sourceTree = "<group>"; };
		84C2121625346F5900DFEC24 /* BlitzBiEventHandlerBuilder.h */ = {isa = PBXFileReference; lastKnownFileType = sourcecode.c.h; name = BlitzBiEventHandlerBuilder.h; path = Module/BlitzBiEventHandlerBuilder.h; sourceTree = "<group>"; };
		84C2121725346F5900DFEC24 /* BlitzBiEventHandlerBuilder.m */ = {isa = PBXFileReference; lastKnownFileType = sourcecode.c.objc; name = BlitzBiEventHandlerBuilder.m; path = Module/BlitzBiEventHandlerBuilder.m; sourceTree = "<group>"; };
		84C2121C253470C000DFEC24 /* BlitzBiEventSendHandler.h */ = {isa = PBXFileReference; lastKnownFileType = sourcecode.c.h; name = BlitzBiEventSendHandler.h; path = Module/BlitzBiEventSendHandler.h; sourceTree = "<group>"; };
		84C2121D253470C000DFEC24 /* BlitzBiEventSendHandler.m */ = {isa = PBXFileReference; lastKnownFileType = sourcecode.c.objc; name = BlitzBiEventSendHandler.m; path = Module/BlitzBiEventSendHandler.m; sourceTree = "<group>"; };
		84C2122225347EF700DFEC24 /* BlitzBiService.h */ = {isa = PBXFileReference; lastKnownFileType = sourcecode.c.h; name = BlitzBiService.h; path = Module/BlitzBiService.h; sourceTree = "<group>"; };
		84C2122325347EF700DFEC24 /* BlitzBiService.m */ = {isa = PBXFileReference; lastKnownFileType = sourcecode.c.objc; name = BlitzBiService.m; path = Module/BlitzBiService.m; sourceTree = "<group>"; };
		84C2122725348C5B00DFEC24 /* BlitzDeviceRequest.h */ = {isa = PBXFileReference; lastKnownFileType = sourcecode.c.h; name = BlitzDeviceRequest.h; path = Module/BlitzDeviceRequest.h; sourceTree = "<group>"; };
		84C2122825348C5B00DFEC24 /* BlitzDeviceRequest.m */ = {isa = PBXFileReference; lastKnownFileType = sourcecode.c.objc; path = BlitzDeviceRequest.m; sourceTree = "<group>"; };
		84CE9C02252B052900D0E48F /* BlitzConstants.h */ = {isa = PBXFileReference; fileEncoding = 4; lastKnownFileType = sourcecode.c.h; name = BlitzConstants.h; path = Module/BlitzConstants.h; sourceTree = "<group>"; };
		84EEAA3C2533A73500851468 /* BlitzBi.podspec */ = {isa = PBXFileReference; fileEncoding = 4; lastKnownFileType = text; path = BlitzBi.podspec; sourceTree = "<group>"; };
/* End PBXFileReference section */

/* Begin PBXFrameworksBuildPhase section */
		843BB7B925245195007272D9 /* Frameworks */ = {
			isa = PBXFrameworksBuildPhase;
			buildActionMask = 2147483647;
			files = (
			);
			runOnlyForDeploymentPostprocessing = 0;
		};
/* End PBXFrameworksBuildPhase section */

/* Begin PBXGroup section */
		0194E69E2530764A00257D29 /* server */ = {
			isa = PBXGroup;
			children = (
				0194E6A02530764A00257D29 /* security */,
				0194E69F2530764A00257D29 /* BlitzHttpExecutor.h */,
				0194E6A32530764A00257D29 /* BlitzHttpExecutor.m */,
			);
			path = server;
			sourceTree = "<group>";
		};
		0194E6A02530764A00257D29 /* security */ = {
			isa = PBXGroup;
			children = (
				0194E6A12530764A00257D29 /* BlitzParser.m */,
				0194E6A22530764A00257D29 /* BlitzParser.h */,
			);
			path = security;
			sourceTree = "<group>";
		};
		843BB7B225245195007272D9 = {
			isa = PBXGroup;
			children = (
				84567278253709DB00AAA58E /* BlitzBi.h */,
				84567277253709DB00AAA58E /* BlitzBi.m */,
				84EEAA3C2533A73500851468 /* BlitzBi.podspec */,
				843BB7BE25245195007272D9 /* BlitzBi */,
				844A0E90252467D600D8529B /* Common */,
				844A0E8F252467CE00D8529B /* Networking */,
				8445101C255BEB2D002A445C /* Time */,
				843BB7BD25245195007272D9 /* Products */,
			);
			sourceTree = "<group>";
		};
		843BB7BD25245195007272D9 /* Products */ = {
			isa = PBXGroup;
			children = (
				843BB7BC25245195007272D9 /* BlitzBi.framework */,
			);
			name = Products;
			sourceTree = "<group>";
		};
		843BB7BE25245195007272D9 /* BlitzBi */ = {
			isa = PBXGroup;
			children = (
				843BB7C025245195007272D9 /* Info.plist */,
				844A0E84252467C300D8529B /* BlitzBiConfig.h */,
				844A0E80252467C300D8529B /* BlitzBiConfig.m */,
				844A0E83252467C300D8529B /* BlitzBiEventData.h */,
				844A0E7F252467C300D8529B /* BlitzBiEventData.m */,
				84C2120F25346AEA00DFEC24 /* BlitzBiEventRepository.h */,
				84C2121025346AEA00DFEC24 /* BlitzBiEventRepository.m */,
				84C2121625346F5900DFEC24 /* BlitzBiEventHandlerBuilder.h */,
				84C2121725346F5900DFEC24 /* BlitzBiEventHandlerBuilder.m */,
				84C2121C253470C000DFEC24 /* BlitzBiEventSendHandler.h */,
				84C2121D253470C000DFEC24 /* BlitzBiEventSendHandler.m */,
				84C2122225347EF700DFEC24 /* BlitzBiService.h */,
				84C2122325347EF700DFEC24 /* BlitzBiService.m */,
				84C2122725348C5B00DFEC24 /* BlitzDeviceRequest.h */,
				84C2122825348C5B00DFEC24 /* BlitzDeviceRequest.m */,
				840A76042559267A007DD32B /* BlitzUserRequest.h */,
				840A76052559267A007DD32B /* BlitzUserRequest.m */,
				840A760A25592995007DD32B /* BlitzBiDataHandler.h */,
				840A760B25592995007DD32B /* BlitzBiDataHandler.m */,
			);
			path = BlitzBi;
			sourceTree = "<group>";
		};
		8445101C255BEB2D002A445C /* Time */ = {
			isa = PBXGroup;
			children = (
				8445101D255BEBF7002A445C /* BlitzTime.h */,
				8445101E255BEBF7002A445C /* BlitzTime.m */,
				84451022255BEC0E002A445C /* BlitzTimeClient.h */,
				84451023255BEC0E002A445C /* BlitzTimeClient.m */,
				84451065255CD6CB002A445C /* NTPKit.h */,
				8445106B255CD6F8002A445C /* NTPServer.h */,
				8445106C255CD6F8002A445C /* NTPServer.m */,
				84451070255CD72D002A445C /* NTPTypes.h */,
			);
			path = Time;
			sourceTree = "<group>";
		};
		844A0E8F252467CE00D8529B /* Networking */ = {
			isa = PBXGroup;
			children = (
				0194E69E2530764A00257D29 /* server */,
				84C21206253466B400DFEC24 /* PBlitzDataTransferService.h */,
				84C211FC2534659F00DFEC24 /* PBlitzServerConfig.h */,
				0194E69D2530764A00257D29 /* BlitzRequestBuilder.h */,
				0194E6A82530764A00257D29 /* BlitzRequestBuilder.m */,
				0194E69C2530764A00257D29 /* BlitzServerHandler.h */,
				0194E6A72530764A00257D29 /* BlitzServerHandler.m */,
				84C211C3253435D500DFEC24 /* BlitzServerConfig.h */,
				84C211C4253435D500DFEC24 /* BlitzServerConfig.m */,
				84C211CD2534399B00DFEC24 /* BlitzNetworkDataTransferService.h */,
				84C211CE2534399B00DFEC24 /* BlitzNetworkDataTransferService.m */,
				84C211F4253460E500DFEC24 /* BlitzNetworkModuleBuilder.h */,
				84C211F5253460E500DFEC24 /* BlitzNetworkModuleBuilder.m */,
				0194E6A42530764A00257D29 /* BlitzHttpResponseListener.h */,
			);
			path = Networking;
			sourceTree = "<group>";
		};
		844A0E90252467D600D8529B /* Common */ = {
			isa = PBXGroup;
			children = (
				84CE9C02252B052900D0E48F /* BlitzConstants.h */,
				84B3111D252DCB6E0051016E /* BlitzDeviceUtils.h */,
				84B3111A252DCB6E0051016E /* BlitzDeviceUtils.m */,
				84B3111B252DCB6E0051016E /* BlitzReachability.h */,
				84B3111C252DCB6E0051016E /* BlitzReachability.m */,
				844A0EAB252469F300D8529B /* BlitzFileHelper.h */,
				844A0EA0252469F200D8529B /* BlitzFileHelper.m */,
				844A0E9D252469F200D8529B /* BlitzKWConcurrentDictionary.h */,
				844A0E9A252469F200D8529B /* BlitzKWConcurrentDictionary.m */,
				84C211712534319100DFEC24 /* BaseUrls.h */,
				84C211722534319100DFEC24 /* BaseUrls.m */,
			);
			path = Common;
			sourceTree = "<group>";
		};
/* End PBXGroup section */

/* Begin PBXHeadersBuildPhase section */
		843BB7B725245195007272D9 /* Headers */ = {
			isa = PBXHeadersBuildPhase;
			buildActionMask = 2147483647;
			files = (
				8456727A253709DB00AAA58E /* BlitzBi.h in Headers */,
				84B31121252DCB6E0051016E /* BlitzDeviceUtils.h in Headers */,
				840A760C25592995007DD32B /* BlitzBiDataHandler.h in Headers */,
				844A0E8B252467C300D8529B /* BlitzBiEventData.h in Headers */,
				84C211CF2534399B00DFEC24 /* BlitzNetworkDataTransferService.h in Headers */,
				84CE9C05252B052900D0E48F /* BlitzConstants.h in Headers */,
				84451067255CD6CB002A445C /* NTPKit.h in Headers */,
				84C211732534319100DFEC24 /* BaseUrls.h in Headers */,
				844A0EBD252469F300D8529B /* BlitzKWConcurrentDictionary.h in Headers */,
				844A0E8C252467C300D8529B /* BlitzBiConfig.h in Headers */,
				84C211FD253465A100DFEC24 /* PBlitzServerConfig.h in Headers */,
				8445101F255BEBF7002A445C /* BlitzTime.h in Headers */,
				84AF07E825358E1200AF85BB /* BlitzServerHandler.h in Headers */,
				84B3111F252DCB6E0051016E /* BlitzReachability.h in Headers */,
				84C2121125346AEA00DFEC24 /* BlitzBiEventRepository.h in Headers */,
				844A0ECB252469F300D8529B /* BlitzFileHelper.h in Headers */,
				84C2121E253470C000DFEC24 /* BlitzBiEventSendHandler.h in Headers */,
				0194E6AE2530764B00257D29 /* BlitzParser.h in Headers */,
				840A76062559267A007DD32B /* BlitzUserRequest.h in Headers */,
				0194E6AC2530764B00257D29 /* BlitzHttpExecutor.h in Headers */,
				84C2122425347EF700DFEC24 /* BlitzBiService.h in Headers */,
				84C2122925348C5B00DFEC24 /* BlitzDeviceRequest.h in Headers */,
				84C211F6253460E500DFEC24 /* BlitzNetworkModuleBuilder.h in Headers */,
				84451072255CD72D002A445C /* NTPTypes.h in Headers */,
				84C21207253466B400DFEC24 /* PBlitzDataTransferService.h in Headers */,
				8445106D255CD6F8002A445C /* NTPServer.h in Headers */,
				84C2121825346F5900DFEC24 /* BlitzBiEventHandlerBuilder.h in Headers */,
				84C211C5253435D500DFEC24 /* BlitzServerConfig.h in Headers */,
				84AF07DE25358DA300AF85BB /* BlitzRequestBuilder.h in Headers */,
				84451024255BEC0E002A445C /* BlitzTimeClient.h in Headers */,
				0194E6C52530770A00257D29 /* BlitzHttpResponseListener.h in Headers */,
			);
			runOnlyForDeploymentPostprocessing = 0;
		};
/* End PBXHeadersBuildPhase section */

/* Begin PBXNativeTarget section */
		843BB7BB25245195007272D9 /* BlitzBi */ = {
			isa = PBXNativeTarget;
			buildConfigurationList = 843BB7C425245195007272D9 /* Build configuration list for PBXNativeTarget "BlitzBi" */;
			buildPhases = (
				843BB7B725245195007272D9 /* Headers */,
				843BB7B825245195007272D9 /* Sources */,
				843BB7B925245195007272D9 /* Frameworks */,
				843BB7BA25245195007272D9 /* Resources */,
			);
			buildRules = (
			);
			dependencies = (
			);
			name = BlitzBi;
			productName = BI;
			productReference = 843BB7BC25245195007272D9 /* BlitzBi.framework */;
			productType = "com.apple.product-type.framework";
		};
/* End PBXNativeTarget section */

/* Begin PBXProject section */
		843BB7B325245195007272D9 /* Project object */ = {
			isa = PBXProject;
			attributes = {
				LastSwiftUpdateCheck = 1200;
				LastUpgradeCheck = 1200;
				TargetAttributes = {
					843BB7BB25245195007272D9 = {
						CreatedOnToolsVersion = 12.0.1;
						LastSwiftMigration = 1200;
					};
				};
			};
			buildConfigurationList = 843BB7B625245195007272D9 /* Build configuration list for PBXProject "BlitzBi" */;
			compatibilityVersion = "Xcode 9.3";
			developmentRegion = en;
			hasScannedForEncodings = 0;
			knownRegions = (
				en,
				Base,
			);
			mainGroup = 843BB7B225245195007272D9;
			productRefGroup = 843BB7BD25245195007272D9 /* Products */;
			projectDirPath = "";
			projectRoot = "";
			targets = (
				843BB7BB25245195007272D9 /* BlitzBi */,
			);
		};
/* End PBXProject section */

/* Begin PBXResourcesBuildPhase section */
		843BB7BA25245195007272D9 /* Resources */ = {
			isa = PBXResourcesBuildPhase;
			buildActionMask = 2147483647;
			files = (
				84EEAA3D2533A73500851468 /* BlitzBi.podspec in Resources */,
			);
			runOnlyForDeploymentPostprocessing = 0;
		};
/* End PBXResourcesBuildPhase section */

/* Begin PBXSourcesBuildPhase section */
		843BB7B825245195007272D9 /* Sources */ = {
			isa = PBXSourcesBuildPhase;
			buildActionMask = 2147483647;
			files = (
				84567279253709DB00AAA58E /* BlitzBi.m in Sources */,
				84C2122A25348C5B00DFEC24 /* BlitzDeviceRequest.m in Sources */,
				844A0EBA252469F300D8529B /* BlitzKWConcurrentDictionary.m in Sources */,
				0194E6B32530764B00257D29 /* BlitzServerHandler.m in Sources */,
				84451020255BEBF7002A445C /* BlitzTime.m in Sources */,
				844A0EC0252469F300D8529B /* BlitzFileHelper.m in Sources */,
				84B31120252DCB6E0051016E /* BlitzReachability.m in Sources */,
				84B3111E252DCB6E0051016E /* BlitzDeviceUtils.m in Sources */,
				0194E6AD2530764B00257D29 /* BlitzParser.m in Sources */,
				84C211F7253460E500DFEC24 /* BlitzNetworkModuleBuilder.m in Sources */,
				84C211742534319100DFEC24 /* BaseUrls.m in Sources */,
				844A0E87252467C300D8529B /* BlitzBiEventData.m in Sources */,
				84C2121F253470C000DFEC24 /* BlitzBiEventSendHandler.m in Sources */,
				84C2121225346AEA00DFEC24 /* BlitzBiEventRepository.m in Sources */,
				0194E6AF2530764B00257D29 /* BlitzHttpExecutor.m in Sources */,
				84451025255BEC0E002A445C /* BlitzTimeClient.m in Sources */,
				844A0E88252467C300D8529B /* BlitzBiConfig.m in Sources */,
				84C211D02534399B00DFEC24 /* BlitzNetworkDataTransferService.m in Sources */,
				84C2121925346F5900DFEC24 /* BlitzBiEventHandlerBuilder.m in Sources */,
				840A760D25592995007DD32B /* BlitzBiDataHandler.m in Sources */,
				84C2122525347EF700DFEC24 /* BlitzBiService.m in Sources */,
				840A76072559267A007DD32B /* BlitzUserRequest.m in Sources */,
				84C211C6253435D500DFEC24 /* BlitzServerConfig.m in Sources */,
				84AF07D925358D6000AF85BB /* BlitzRequestBuilder.m in Sources */,
				8445106E255CD6F8002A445C /* NTPServer.m in Sources */,
			);
			runOnlyForDeploymentPostprocessing = 0;
		};
/* End PBXSourcesBuildPhase section */

/* Begin XCBuildConfiguration section */
		843BB7C225245195007272D9 /* Debug */ = {
			isa = XCBuildConfiguration;
			buildSettings = {
				ALWAYS_SEARCH_USER_PATHS = NO;
				CLANG_ANALYZER_NONNULL = YES;
				CLANG_ANALYZER_NUMBER_OBJECT_CONVERSION = YES_AGGRESSIVE;
				CLANG_ANALYZER_OBJC_UNUSED_IVARS = YES;
				CLANG_CXX_LANGUAGE_STANDARD = "gnu++14";
				CLANG_CXX_LIBRARY = "libc++";
				CLANG_ENABLE_MODULES = YES;
				CLANG_ENABLE_OBJC_ARC = YES;
				CLANG_ENABLE_OBJC_WEAK = YES;
				CLANG_WARN_BLOCK_CAPTURE_AUTORELEASING = YES;
				CLANG_WARN_BOOL_CONVERSION = YES;
				CLANG_WARN_COMMA = YES;
				CLANG_WARN_CONSTANT_CONVERSION = YES;
				CLANG_WARN_DEPRECATED_OBJC_IMPLEMENTATIONS = YES;
				CLANG_WARN_DIRECT_OBJC_ISA_USAGE = YES_ERROR;
				CLANG_WARN_DOCUMENTATION_COMMENTS = YES;
				CLANG_WARN_EMPTY_BODY = YES;
				CLANG_WARN_ENUM_CONVERSION = YES;
				CLANG_WARN_INFINITE_RECURSION = YES;
				CLANG_WARN_INT_CONVERSION = YES;
				CLANG_WARN_NON_LITERAL_NULL_CONVERSION = YES;
				CLANG_WARN_OBJC_IMPLICIT_RETAIN_SELF = YES;
				CLANG_WARN_OBJC_LITERAL_CONVERSION = YES;
				CLANG_WARN_OBJC_ROOT_CLASS = YES_ERROR;
				CLANG_WARN_QUOTED_INCLUDE_IN_FRAMEWORK_HEADER = YES;
				CLANG_WARN_RANGE_LOOP_ANALYSIS = YES;
				CLANG_WARN_STRICT_PROTOTYPES = YES;
				CLANG_WARN_SUSPICIOUS_MOVE = YES;
				CLANG_WARN_UNGUARDED_AVAILABILITY = YES_AGGRESSIVE;
				CLANG_WARN_UNREACHABLE_CODE = YES;
				CLANG_WARN__DUPLICATE_METHOD_MATCH = YES;
				COPY_PHASE_STRIP = NO;
				CURRENT_PROJECT_VERSION = 1;
				DEBUG_INFORMATION_FORMAT = dwarf;
				ENABLE_STRICT_OBJC_MSGSEND = YES;
				ENABLE_TESTABILITY = YES;
				GCC_C_LANGUAGE_STANDARD = gnu11;
				GCC_DYNAMIC_NO_PIC = NO;
				GCC_NO_COMMON_BLOCKS = YES;
				GCC_OPTIMIZATION_LEVEL = 0;
				GCC_PREPROCESSOR_DEFINITIONS = (
					"DEBUG=1",
					"$(inherited)",
				);
				GCC_WARN_64_TO_32_BIT_CONVERSION = YES;
				GCC_WARN_ABOUT_RETURN_TYPE = YES_ERROR;
				GCC_WARN_UNDECLARED_SELECTOR = YES;
				GCC_WARN_UNINITIALIZED_AUTOS = YES_AGGRESSIVE;
				GCC_WARN_UNUSED_FUNCTION = YES;
				GCC_WARN_UNUSED_LABEL = YES;
				GCC_WARN_UNUSED_PARAMETER = YES;
				GCC_WARN_UNUSED_VALUE = YES;
				GCC_WARN_UNUSED_VARIABLE = YES;
				IPHONEOS_DEPLOYMENT_TARGET = 9.0;
				MTL_ENABLE_DEBUG_INFO = INCLUDE_SOURCE;
				MTL_FAST_MATH = YES;
				ONLY_ACTIVE_ARCH = YES;
				SCAN_ALL_SOURCE_FILES_FOR_INCLUDES = YES;
				SDKROOT = iphoneos;
				SWIFT_ACTIVE_COMPILATION_CONDITIONS = DEBUG;
				SWIFT_OPTIMIZATION_LEVEL = "-Onone";
				VERSIONING_SYSTEM = "apple-generic";
				VERSION_INFO_PREFIX = "";
				WARNING_CFLAGS = "";
			};
			name = Debug;
		};
		843BB7C325245195007272D9 /* Release */ = {
			isa = XCBuildConfiguration;
			buildSettings = {
				ALWAYS_SEARCH_USER_PATHS = NO;
				CLANG_ANALYZER_NONNULL = YES;
				CLANG_ANALYZER_NUMBER_OBJECT_CONVERSION = YES_AGGRESSIVE;
				CLANG_ANALYZER_OBJC_UNUSED_IVARS = YES;
				CLANG_CXX_LANGUAGE_STANDARD = "gnu++14";
				CLANG_CXX_LIBRARY = "libc++";
				CLANG_ENABLE_MODULES = YES;
				CLANG_ENABLE_OBJC_ARC = YES;
				CLANG_ENABLE_OBJC_WEAK = YES;
				CLANG_WARN_BLOCK_CAPTURE_AUTORELEASING = YES;
				CLANG_WARN_BOOL_CONVERSION = YES;
				CLANG_WARN_COMMA = YES;
				CLANG_WARN_CONSTANT_CONVERSION = YES;
				CLANG_WARN_DEPRECATED_OBJC_IMPLEMENTATIONS = YES;
				CLANG_WARN_DIRECT_OBJC_ISA_USAGE = YES_ERROR;
				CLANG_WARN_DOCUMENTATION_COMMENTS = YES;
				CLANG_WARN_EMPTY_BODY = YES;
				CLANG_WARN_ENUM_CONVERSION = YES;
				CLANG_WARN_INFINITE_RECURSION = YES;
				CLANG_WARN_INT_CONVERSION = YES;
				CLANG_WARN_NON_LITERAL_NULL_CONVERSION = YES;
				CLANG_WARN_OBJC_IMPLICIT_RETAIN_SELF = YES;
				CLANG_WARN_OBJC_LITERAL_CONVERSION = YES;
				CLANG_WARN_OBJC_ROOT_CLASS = YES_ERROR;
				CLANG_WARN_QUOTED_INCLUDE_IN_FRAMEWORK_HEADER = YES;
				CLANG_WARN_RANGE_LOOP_ANALYSIS = YES;
				CLANG_WARN_STRICT_PROTOTYPES = YES;
				CLANG_WARN_SUSPICIOUS_MOVE = YES;
				CLANG_WARN_UNGUARDED_AVAILABILITY = YES_AGGRESSIVE;
				CLANG_WARN_UNREACHABLE_CODE = YES;
				CLANG_WARN__DUPLICATE_METHOD_MATCH = YES;
				COPY_PHASE_STRIP = NO;
				CURRENT_PROJECT_VERSION = 1;
				DEBUG_INFORMATION_FORMAT = "dwarf-with-dsym";
				ENABLE_NS_ASSERTIONS = NO;
				ENABLE_STRICT_OBJC_MSGSEND = YES;
				GCC_C_LANGUAGE_STANDARD = gnu11;
				GCC_NO_COMMON_BLOCKS = YES;
				GCC_WARN_64_TO_32_BIT_CONVERSION = YES;
				GCC_WARN_ABOUT_RETURN_TYPE = YES_ERROR;
				GCC_WARN_UNDECLARED_SELECTOR = YES;
				GCC_WARN_UNINITIALIZED_AUTOS = YES_AGGRESSIVE;
				GCC_WARN_UNUSED_FUNCTION = YES;
				GCC_WARN_UNUSED_LABEL = YES;
				GCC_WARN_UNUSED_PARAMETER = YES;
				GCC_WARN_UNUSED_VALUE = YES;
				GCC_WARN_UNUSED_VARIABLE = YES;
				IPHONEOS_DEPLOYMENT_TARGET = 9.0;
				MTL_ENABLE_DEBUG_INFO = NO;
				MTL_FAST_MATH = YES;
				SCAN_ALL_SOURCE_FILES_FOR_INCLUDES = YES;
				SDKROOT = iphoneos;
				SWIFT_COMPILATION_MODE = wholemodule;
				SWIFT_OPTIMIZATION_LEVEL = "-O";
				VALIDATE_PRODUCT = YES;
				VERSIONING_SYSTEM = "apple-generic";
				VERSION_INFO_PREFIX = "";
				WARNING_CFLAGS = "";
			};
			name = Release;
		};
		843BB7C525245195007272D9 /* Debug */ = {
			isa = XCBuildConfiguration;
			buildSettings = {
				CLANG_ALLOW_NON_MODULAR_INCLUDES_IN_FRAMEWORK_MODULES = YES;
				CLANG_ENABLE_MODULES = YES;
				CODE_SIGN_STYLE = Automatic;
				DEFINES_MODULE = YES;
				DEVELOPMENT_TEAM = 6B3N73X9SX;
				DYLIB_COMPATIBILITY_VERSION = 1;
				DYLIB_CURRENT_VERSION = 1;
				DYLIB_INSTALL_NAME_BASE = "@rpath";
				INFOPLIST_FILE = BlitzBi/Info.plist;
				INSTALL_PATH = "$(LOCAL_LIBRARY_DIR)/Frameworks";
				IPHONEOS_DEPLOYMENT_TARGET = 9.0;
				LD_RUNPATH_SEARCH_PATHS = (
					"$(inherited)",
					"@executable_path/Frameworks",
					"@loader_path/Frameworks",
				);
				MARKETING_VERSION = 1.0.2;
				PRODUCT_BUNDLE_IDENTIFIER = com.blitz.bi;
				PRODUCT_NAME = "$(TARGET_NAME:c99extidentifier)";
				SKIP_INSTALL = YES;
				SUPPORTS_MACCATALYST = NO;
				SWIFT_OBJC_BRIDGING_HEADER = "";
				SWIFT_OBJC_INTERFACE_HEADER_NAME = "BlitzBi/BlitzBi-Swift.h";
				SWIFT_OPTIMIZATION_LEVEL = "-Onone";
				SWIFT_VERSION = 5.0;
				TARGETED_DEVICE_FAMILY = "1,2";
			};
			name = Debug;
		};
		843BB7C625245195007272D9 /* Release */ = {
			isa = XCBuildConfiguration;
			buildSettings = {
				CLANG_ALLOW_NON_MODULAR_INCLUDES_IN_FRAMEWORK_MODULES = YES;
				CLANG_ENABLE_MODULES = YES;
				CODE_SIGN_STYLE = Automatic;
				DEFINES_MODULE = YES;
				DEVELOPMENT_TEAM = 6B3N73X9SX;
				DYLIB_COMPATIBILITY_VERSION = 1;
				DYLIB_CURRENT_VERSION = 1;
				DYLIB_INSTALL_NAME_BASE = "@rpath";
				INFOPLIST_FILE = BlitzBi/Info.plist;
				INSTALL_PATH = "$(LOCAL_LIBRARY_DIR)/Frameworks";
				IPHONEOS_DEPLOYMENT_TARGET = 9.0;
				LD_RUNPATH_SEARCH_PATHS = (
					"$(inherited)",
					"@executable_path/Frameworks",
					"@loader_path/Frameworks",
				);
				MARKETING_VERSION = 1.0.2;
				PRODUCT_BUNDLE_IDENTIFIER = com.blitz.bi;
				PRODUCT_NAME = "$(TARGET_NAME:c99extidentifier)";
				SKIP_INSTALL = YES;
				SUPPORTS_MACCATALYST = NO;
				SWIFT_OBJC_BRIDGING_HEADER = "";
				SWIFT_OBJC_INTERFACE_HEADER_NAME = "BlitzBi/BlitzBi-Swift.h";
				SWIFT_VERSION = 5.0;
				TARGETED_DEVICE_FAMILY = "1,2";
			};
			name = Release;
		};
/* End XCBuildConfiguration section */

/* Begin XCConfigurationList section */
		843BB7B625245195007272D9 /* Build configuration list for PBXProject "BlitzBi" */ = {
			isa = XCConfigurationList;
			buildConfigurations = (
				843BB7C225245195007272D9 /* Debug */,
				843BB7C325245195007272D9 /* Release */,
			);
			defaultConfigurationIsVisible = 0;
			defaultConfigurationName = Release;
		};
		843BB7C425245195007272D9 /* Build configuration list for PBXNativeTarget "BlitzBi" */ = {
			isa = XCConfigurationList;
			buildConfigurations = (
				843BB7C525245195007272D9 /* Debug */,
				843BB7C625245195007272D9 /* Release */,
			);
			defaultConfigurationIsVisible = 0;
			defaultConfigurationName = Release;
		};
/* End XCConfigurationList section */
	};
	rootObject = 843BB7B325245195007272D9 /* Project object */;
}
